<?xml version="1.0" encoding="utf-8"?>
<Project ToolsVersion="4.0" xmlns="http://schemas.microsoft.com/developer/msbuild/2003">
  <ItemGroup>
    <Filter Include="Resource Files">
      <UniqueIdentifier>{67DA6AB6-F800-4c08-8B7A-83BB121AAD01}</UniqueIdentifier>
      <Extensions>rc;ico;cur;bmp;dlg;rc2;rct;bin;rgs;gif;jpg;jpeg;jpe;resx;tiff;tif;png;wav;mfcribbon-ms</Extensions>
    </Filter>
    <Filter Include="Source">
      <UniqueIdentifier>{92e305b5-b975-4e90-bfca-dba326729be4}</UniqueIdentifier>
    </Filter>
    <Filter Include="Source\Core">
      <UniqueIdentifier>{921ef45a-5e18-4ad8-86cb-ad873f0fd216}</UniqueIdentifier>
    </Filter>
    <Filter Include="Source\ContentSpecific">
      <UniqueIdentifier>{8c048ee5-e717-4695-b637-66e108a083fa}</UniqueIdentifier>
    </Filter>
    <Filter Include="Source\Shaders">
      <UniqueIdentifier>{75103fa4-0d09-4ebd-9b83-c5a7074b76ed}</UniqueIdentifier>
    </Filter>
    <Filter Include="Source\Shaders\CPU">
      <UniqueIdentifier>{4d7fdd57-d28c-489f-a8c3-9e98f492133c}</UniqueIdentifier>
    </Filter>
    <Filter Include="Source\Shaders\GPU">
      <UniqueIdentifier>{d4dac217-aca4-4c52-9ccc-2455d66b3e65}</UniqueIdentifier>
    </Filter>
    <Filter Include="Source\Gameplay">
      <UniqueIdentifier>{f03c44c7-a426-4607-acec-6a51c6c5038c}</UniqueIdentifier>
    </Filter>
    <Filter Include="Source\Gameplay\ComponentManager">
      <UniqueIdentifier>{a990f937-6700-4f19-8209-85485bc17db9}</UniqueIdentifier>
    </Filter>
    <Filter Include="Source\Gameplay\GameObject">
      <UniqueIdentifier>{d0e44a18-1b4c-4707-8043-cf08d9ffaa91}</UniqueIdentifier>
    </Filter>
    <Filter Include="Source\Gameplay\GameState">
      <UniqueIdentifier>{0e8f45c3-f8ef-4a6d-8cee-da58d7aea7bc}</UniqueIdentifier>
    </Filter>
    <Filter Include="Source\Gameplay\Systems">
      <UniqueIdentifier>{edf9fa33-2a48-4a63-be46-5c97135b06ee}</UniqueIdentifier>
    </Filter>
  </ItemGroup>
  <ItemGroup>
    <ClInclude Include="ZMAPIStructs.h">
      <Filter>Source\Core</Filter>
    </ClInclude>
    <ClInclude Include="ZMasherMain.h">
      <Filter>Source\Core</Filter>
    </ClInclude>
    <ClInclude Include="ZMVertexTypes.h">
      <Filter>Source\Core</Filter>
    </ClInclude>
    <ClInclude Include="ZMD3DInterface.h">
      <Filter>Source\Core</Filter>
    </ClInclude>
    <ClInclude Include="dllHeader.h">
      <Filter>Source\ContentSpecific</Filter>
    </ClInclude>
    <ClInclude Include="ZMasherUtilities.h">
      <Filter>Source\ContentSpecific</Filter>
    </ClInclude>
    <ClInclude Include="ZMModel.h">
      <Filter>Source\ContentSpecific</Filter>
    </ClInclude>
    <ClInclude Include="Camera.h">
      <Filter>Source\ContentSpecific</Filter>
    </ClInclude>
    <ClInclude Include="ZMModelFactory.h">
      <Filter>Source\ContentSpecific</Filter>
    </ClInclude>
    <ClInclude Include="ZMRenderer.h">
      <Filter>Source\Core</Filter>
    </ClInclude>
    <ClInclude Include="ZMModelInstanceNode.h">
      <Filter>Source\ContentSpecific</Filter>
    </ClInclude>
    <ClInclude Include="TextureClass.h">
      <Filter>Source\ContentSpecific</Filter>
    </ClInclude>
    <ClInclude Include="BaseShader.h">
      <Filter>Source\Shaders\CPU</Filter>
    </ClInclude>
    <ClInclude Include="ZMModelNode.h">
      <Filter>Source\ContentSpecific</Filter>
    </ClInclude>
    <ClInclude Include="ModelShader.h">
      <Filter>Source\Shaders\CPU</Filter>
    </ClInclude>
    <ClInclude Include="InputManager.h">
      <Filter>Source\Core</Filter>
    </ClInclude>
    <ClInclude Include="ComponentManager.h">
      <Filter>Source\Gameplay\ComponentManager</Filter>
    </ClInclude>
    <ClInclude Include="DebugNameComponentManager.h">
      <Filter>Source\Gameplay\ComponentManager</Filter>
    </ClInclude>
    <ClInclude Include="MeshComponentManager.h">
      <Filter>Source\Gameplay\ComponentManager</Filter>
    </ClInclude>
    <ClInclude Include="TransformComponentManager.h">
      <Filter>Source\Gameplay\ComponentManager</Filter>
    </ClInclude>
    <ClInclude Include="GameObject.h">
      <Filter>Source\Gameplay\GameObject</Filter>
    </ClInclude>
    <ClInclude Include="GameObjectManager.h">
      <Filter>Source\Gameplay\GameObject</Filter>
    </ClInclude>
    <ClInclude Include="GameplayState.h">
      <Filter>Source\Gameplay\GameState</Filter>
    </ClInclude>
    <ClInclude Include="GameState.h">
      <Filter>Source\Gameplay\GameState</Filter>
    </ClInclude>
    <ClInclude Include="BulletComponentManager.h">
      <Filter>Source\Gameplay\ComponentManager</Filter>
    </ClInclude>
    <ClInclude Include="BulletSystem.h">
      <Filter>Source\Gameplay\Systems</Filter>
    </ClInclude>
    <ClInclude Include="CollisionComponentManager.h">
      <Filter>Source\Gameplay\ComponentManager</Filter>
    </ClInclude>
    <ClInclude Include="CollisionSystem.h">
      <Filter>Source\Gameplay\Systems</Filter>
    </ClInclude>
    <ClInclude Include="MovementSystem.h">
      <Filter>Source\Gameplay\Systems</Filter>
    </ClInclude>
    <ClInclude Include="Texture.h">
      <Filter>Source\ContentSpecific</Filter>
    </ClInclude>
    <ClInclude Include="TextureContainer.h">
      <Filter>Source\ContentSpecific</Filter>
    </ClInclude>
    <ClInclude Include="TextureTypeEnums.h">
      <Filter>Source\ContentSpecific</Filter>
    </ClInclude>
    <ClInclude Include="Material.h">
      <Filter>Source\ContentSpecific</Filter>
    </ClInclude>
    <ClInclude Include="MaterialFactory.h" />
  </ItemGroup>
  <ItemGroup>
    <ClCompile Include="ZMasherMain.cpp">
      <Filter>Source\Core</Filter>
    </ClCompile>
    <ClCompile Include="ZMD3DInterface.cpp">
      <Filter>Source\Core</Filter>
    </ClCompile>
    <ClCompile Include="ZMasherUtilities.cpp">
      <Filter>Source\ContentSpecific</Filter>
    </ClCompile>
    <ClCompile Include="ZMModel.cpp">
      <Filter>Source\ContentSpecific</Filter>
    </ClCompile>
    <ClCompile Include="Camera.cpp">
      <Filter>Source\ContentSpecific</Filter>
    </ClCompile>
    <ClCompile Include="ZMModelFactory.cpp">
      <Filter>Source\ContentSpecific</Filter>
    </ClCompile>
    <ClCompile Include="ZMRenderer.cpp">
      <Filter>Source\Core</Filter>
    </ClCompile>
    <ClCompile Include="ZMModelInstanceNode.cpp">
      <Filter>Source\ContentSpecific</Filter>
    </ClCompile>
    <ClCompile Include="TextureClass.cpp">
      <Filter>Source\ContentSpecific</Filter>
    </ClCompile>
    <ClCompile Include="BaseShader.cpp">
      <Filter>Source\Shaders\CPU</Filter>
    </ClCompile>
    <ClCompile Include="ZMModelNode.cpp">
      <Filter>Source\ContentSpecific</Filter>
    </ClCompile>
    <ClCompile Include="ModelShader.cpp">
      <Filter>Source\Shaders\CPU</Filter>
    </ClCompile>
    <ClCompile Include="InputManager.cpp">
      <Filter>Source\Core</Filter>
    </ClCompile>
    <ClCompile Include="ComponentManager.cpp">
      <Filter>Source\Gameplay\ComponentManager</Filter>
    </ClCompile>
    <ClCompile Include="DebugNameComponentManager.cpp">
      <Filter>Source\Gameplay\ComponentManager</Filter>
    </ClCompile>
    <ClCompile Include="MeshComponentManager.cpp">
      <Filter>Source\Gameplay\ComponentManager</Filter>
    </ClCompile>
    <ClCompile Include="TransformComponentManager.cpp">
      <Filter>Source\Gameplay\ComponentManager</Filter>
    </ClCompile>
    <ClCompile Include="GameObjectManager.cpp">
      <Filter>Source\Gameplay\GameObject</Filter>
    </ClCompile>
    <ClCompile Include="GameplayState.cpp">
      <Filter>Source\Gameplay\GameState</Filter>
    </ClCompile>
    <ClCompile Include="GameState.cpp">
      <Filter>Source\Gameplay\GameState</Filter>
    </ClCompile>
    <ClCompile Include="BulletComponentManager.cpp">
      <Filter>Source\Gameplay\ComponentManager</Filter>
    </ClCompile>
    <ClCompile Include="BulletSystem.cpp">
      <Filter>Source\Gameplay\Systems</Filter>
    </ClCompile>
    <ClCompile Include="CollisionComponentManager.cpp">
      <Filter>Source\Gameplay\ComponentManager</Filter>
    </ClCompile>
    <ClCompile Include="CollisionSystem.cpp">
      <Filter>Source\Gameplay\Systems</Filter>
    </ClCompile>
    <ClCompile Include="MovementSystem.cpp">
      <Filter>Source\Gameplay\Systems</Filter>
    </ClCompile>
    <ClCompile Include="Texture.cpp">
      <Filter>Source\ContentSpecific</Filter>
    </ClCompile>
    <ClCompile Include="TextureContainer.cpp">
      <Filter>Source\ContentSpecific</Filter>
    </ClCompile>
    <ClCompile Include="Material.cpp">
      <Filter>Source\ContentSpecific</Filter>
    </ClCompile>
    <ClCompile Include="MaterialFactory.cpp" />
  </ItemGroup>
  <ItemGroup>
    <None Include="planninglog.txt" />
    <None Include="color.ps">
      <Filter>Source\Shaders\GPU</Filter>
    </None>
    <None Include="color.vs">
      <Filter>Source\Shaders\GPU</Filter>
    </None>
    <None Include="SharedPixelShaderData.ps">
      <Filter>Source\Shaders\GPU</Filter>
    </None>
    <None Include="SharedVertexShaderData.vs">
      <Filter>Source\Shaders\GPU</Filter>
    </None>
    <None Include="texture.ps">
      <Filter>Source\Shaders\GPU</Filter>
    </None>
    <None Include="texture.vs">
      <Filter>Source\Shaders\GPU</Filter>
    </None>
  </ItemGroup>
  <ItemGroup>
    <FxCompile Include="texture.fx">
      <Filter>Source\Shaders\GPU</Filter>
    </FxCompile>
    <FxCompile Include="PBRShader.fx">
      <Filter>Source\Shaders\GPU</Filter>
    </FxCompile>
    <FxCompile Include="Skybox.fx">
      <Filter>Source\Shaders\GPU</Filter>
    </FxCompile>
  </ItemGroup>
</Project>