<?xml version="1.0" encoding="utf-8"?>
<Project ToolsVersion="4.0" xmlns="http://schemas.microsoft.com/developer/msbuild/2003">
  <ItemGroup>
    <Filter Include="Resource Files">
      <UniqueIdentifier>{67DA6AB6-F800-4c08-8B7A-83BB121AAD01}</UniqueIdentifier>
      <Extensions>rc;ico;cur;bmp;dlg;rc2;rct;bin;rgs;gif;jpg;jpeg;jpe;resx;tiff;tif;png;wav;mfcribbon-ms</Extensions>
    </Filter>
    <Filter Include="Source">
      <UniqueIdentifier>{92e305b5-b975-4e90-bfca-dba326729be4}</UniqueIdentifier>
    </Filter>
  </ItemGroup>
  <ItemGroup>
    <ClInclude Include="dllHeader.h">
      <Filter>Source</Filter>
    </ClInclude>
    <ClInclude Include="ZMAPIStructs.h">
      <Filter>Source</Filter>
    </ClInclude>
    <ClInclude Include="ZMasherMain.h">
      <Filter>Source</Filter>
    </ClInclude>
    <ClInclude Include="ZMD3DInterface.h">
      <Filter>Source</Filter>
    </ClInclude>
    <ClInclude Include="ZMVertexTypes.h">
      <Filter>Source</Filter>
    </ClInclude>
    <ClInclude Include="CameraClass.h">
      <Filter>Source</Filter>
    </ClInclude>
    <ClInclude Include="ColorClassShader.h">
      <Filter>Source</Filter>
    </ClInclude>
    <ClInclude Include="ModelClass.h">
      <Filter>Source</Filter>
    </ClInclude>
  </ItemGroup>
  <ItemGroup>
    <ClCompile Include="ZMasherMain.cpp">
      <Filter>Source</Filter>
    </ClCompile>
    <ClCompile Include="ZMD3DInterface.cpp">
      <Filter>Source</Filter>
    </ClCompile>
    <ClCompile Include="CameraClass.cpp">
      <Filter>Source</Filter>
    </ClCompile>
    <ClCompile Include="ColorClassShader.cpp">
      <Filter>Source</Filter>
    </ClCompile>
    <ClCompile Include="ModelClass.cpp">
      <Filter>Source</Filter>
    </ClCompile>
  </ItemGroup>
  <ItemGroup>
    <None Include="color.ps">
      <Filter>Resource Files</Filter>
    </None>
    <None Include="color.vs">
      <Filter>Resource Files</Filter>
    </None>
  </ItemGroup>
</Project>