<?xml version="1.0" encoding="utf-8"?>
<Project ToolsVersion="4.0" xmlns="http://schemas.microsoft.com/developer/msbuild/2003">
  <ItemGroup>
    <Filter Include="Resource Files">
      <UniqueIdentifier>{67DA6AB6-F800-4c08-8B7A-83BB121AAD01}</UniqueIdentifier>
      <Extensions>rc;ico;cur;bmp;dlg;rc2;rct;bin;rgs;gif;jpg;jpeg;jpe;resx;tiff;tif;png;wav;mfcribbon-ms</Extensions>
    </Filter>
    <Filter Include="Source">
      <UniqueIdentifier>{92e305b5-b975-4e90-bfca-dba326729be4}</UniqueIdentifier>
    </Filter>
    <Filter Include="Source\Gameplay">
      <UniqueIdentifier>{f03c44c7-a426-4607-acec-6a51c6c5038c}</UniqueIdentifier>
    </Filter>
    <Filter Include="Source\Gameplay\ComponentManager">
      <UniqueIdentifier>{a990f937-6700-4f19-8209-85485bc17db9}</UniqueIdentifier>
    </Filter>
    <Filter Include="Source\Gameplay\GameObject">
      <UniqueIdentifier>{d0e44a18-1b4c-4707-8043-cf08d9ffaa91}</UniqueIdentifier>
    </Filter>
    <Filter Include="Source\Gameplay\GameState">
      <UniqueIdentifier>{0e8f45c3-f8ef-4a6d-8cee-da58d7aea7bc}</UniqueIdentifier>
    </Filter>
    <Filter Include="Source\Gameplay\Systems">
      <UniqueIdentifier>{edf9fa33-2a48-4a63-be46-5c97135b06ee}</UniqueIdentifier>
    </Filter>
    <Filter Include="Source\Core">
      <UniqueIdentifier>{486fadf4-1d77-4649-9c8d-f69b213372e3}</UniqueIdentifier>
    </Filter>
  </ItemGroup>
  <ItemGroup>
    <ClInclude Include="ComponentManager.h">
      <Filter>Source\Gameplay\ComponentManager</Filter>
    </ClInclude>
    <ClInclude Include="DebugNameComponentManager.h">
      <Filter>Source\Gameplay\ComponentManager</Filter>
    </ClInclude>
    <ClInclude Include="MeshComponentManager.h">
      <Filter>Source\Gameplay\ComponentManager</Filter>
    </ClInclude>
    <ClInclude Include="TransformComponentManager.h">
      <Filter>Source\Gameplay\ComponentManager</Filter>
    </ClInclude>
    <ClInclude Include="GameObject.h">
      <Filter>Source\Gameplay\GameObject</Filter>
    </ClInclude>
    <ClInclude Include="GameObjectManager.h">
      <Filter>Source\Gameplay\GameObject</Filter>
    </ClInclude>
    <ClInclude Include="GameplayState.h">
      <Filter>Source\Gameplay\GameState</Filter>
    </ClInclude>
    <ClInclude Include="GameState.h">
      <Filter>Source\Gameplay\GameState</Filter>
    </ClInclude>
    <ClInclude Include="BulletComponentManager.h">
      <Filter>Source\Gameplay\ComponentManager</Filter>
    </ClInclude>
    <ClInclude Include="BulletSystem.h">
      <Filter>Source\Gameplay\Systems</Filter>
    </ClInclude>
    <ClInclude Include="CollisionComponentManager.h">
      <Filter>Source\Gameplay\ComponentManager</Filter>
    </ClInclude>
    <ClInclude Include="CollisionSystem.h">
      <Filter>Source\Gameplay\Systems</Filter>
    </ClInclude>
    <ClInclude Include="MovementSystem.h">
      <Filter>Source\Gameplay\Systems</Filter>
    </ClInclude>
    <ClInclude Include="AISystem.h">
      <Filter>Source\Gameplay\Systems</Filter>
    </ClInclude>
    <ClInclude Include="BaseSystem.h">
      <Filter>Source\Gameplay\Systems</Filter>
    </ClInclude>
    <ClInclude Include="AIComponentManager.h">
      <Filter>Source\Gameplay\ComponentManager</Filter>
    </ClInclude>
    <ClInclude Include="ZMasherMain.h">
      <Filter>Source\Core</Filter>
    </ClInclude>
    <ClInclude Include="InputManager.h">
      <Filter>Source\Core</Filter>
    </ClInclude>
  </ItemGroup>
  <ItemGroup>
    <ClCompile Include="ComponentManager.cpp">
      <Filter>Source\Gameplay\ComponentManager</Filter>
    </ClCompile>
    <ClCompile Include="DebugNameComponentManager.cpp">
      <Filter>Source\Gameplay\ComponentManager</Filter>
    </ClCompile>
    <ClCompile Include="MeshComponentManager.cpp">
      <Filter>Source\Gameplay\ComponentManager</Filter>
    </ClCompile>
    <ClCompile Include="TransformComponentManager.cpp">
      <Filter>Source\Gameplay\ComponentManager</Filter>
    </ClCompile>
    <ClCompile Include="GameObjectManager.cpp">
      <Filter>Source\Gameplay\GameObject</Filter>
    </ClCompile>
    <ClCompile Include="GameplayState.cpp">
      <Filter>Source\Gameplay\GameState</Filter>
    </ClCompile>
    <ClCompile Include="GameState.cpp">
      <Filter>Source\Gameplay\GameState</Filter>
    </ClCompile>
    <ClCompile Include="BulletComponentManager.cpp">
      <Filter>Source\Gameplay\ComponentManager</Filter>
    </ClCompile>
    <ClCompile Include="BulletSystem.cpp">
      <Filter>Source\Gameplay\Systems</Filter>
    </ClCompile>
    <ClCompile Include="CollisionComponentManager.cpp">
      <Filter>Source\Gameplay\ComponentManager</Filter>
    </ClCompile>
    <ClCompile Include="CollisionSystem.cpp">
      <Filter>Source\Gameplay\Systems</Filter>
    </ClCompile>
    <ClCompile Include="MovementSystem.cpp">
      <Filter>Source\Gameplay\Systems</Filter>
    </ClCompile>
    <ClCompile Include="AISystem.cpp">
      <Filter>Source\Gameplay\Systems</Filter>
    </ClCompile>
    <ClCompile Include="BaseSystem.cpp">
      <Filter>Source\Gameplay\Systems</Filter>
    </ClCompile>
    <ClCompile Include="AIComponentManager.cpp">
      <Filter>Source\Gameplay\ComponentManager</Filter>
    </ClCompile>
    <ClCompile Include="ZMasherMain.cpp">
      <Filter>Source\Core</Filter>
    </ClCompile>
    <ClCompile Include="InputManager.cpp">
      <Filter>Source\Core</Filter>
    </ClCompile>
  </ItemGroup>
  <ItemGroup>
    <None Include="planninglog.txt" />
  </ItemGroup>
</Project>