<?xml version="1.0" encoding="utf-8"?>
<Project ToolsVersion="4.0" xmlns="http://schemas.microsoft.com/developer/msbuild/2003">
  <ItemGroup>
    <Filter Include="Source Files">
      <UniqueIdentifier>{4FC737F1-C7A5-4376-A066-2A32D752A2FF}</UniqueIdentifier>
      <Extensions>cpp;c;cc;cxx;def;odl;idl;hpj;bat;asm;asmx</Extensions>
    </Filter>
    <Filter Include="Resource Files">
      <UniqueIdentifier>{67DA6AB6-F800-4c08-8B7A-83BB121AAD01}</UniqueIdentifier>
      <Extensions>rc;ico;cur;bmp;dlg;rc2;rct;bin;rgs;gif;jpg;jpeg;jpe;resx;tiff;tif;png;wav;mfcribbon-ms</Extensions>
    </Filter>
    <Filter Include="Source Files\Math">
      <UniqueIdentifier>{7e25d55e-5c0b-4670-a610-dddca734864f}</UniqueIdentifier>
    </Filter>
    <Filter Include="Source Files\Utilities">
      <UniqueIdentifier>{a33eced8-8c87-4181-8397-5a6af6c589d0}</UniqueIdentifier>
    </Filter>
    <Filter Include="Source Files\DataStructures">
      <UniqueIdentifier>{a695b96a-7ab9-4e9f-b360-8184ff3e5b6a}</UniqueIdentifier>
    </Filter>
    <Filter Include="Source Files\Debug">
      <UniqueIdentifier>{f59f9e9b-b6d2-4bb6-98b9-f457007a8269}</UniqueIdentifier>
    </Filter>
  </ItemGroup>
  <ItemGroup>
    <ClInclude Include="DataStructures\GrowArray.h">
      <Filter>Source Files\DataStructures</Filter>
    </ClInclude>
    <ClInclude Include="Math\mathdefines.h">
      <Filter>Source Files\Math</Filter>
    </ClInclude>
    <ClInclude Include="Math\Quaternion.h">
      <Filter>Source Files\Math</Filter>
    </ClInclude>
    <ClInclude Include="Math\Vector2.h">
      <Filter>Source Files\Math</Filter>
    </ClInclude>
    <ClInclude Include="Math\Vector2decl.h">
      <Filter>Source Files\Math</Filter>
    </ClInclude>
    <ClInclude Include="Math\ZMMatrix44.h">
      <Filter>Source Files\Math</Filter>
    </ClInclude>
    <ClInclude Include="Math\ZMVector.h">
      <Filter>Source Files\Math</Filter>
    </ClInclude>
    <ClInclude Include="Math\ZMVector3.h">
      <Filter>Source Files\Math</Filter>
    </ClInclude>
    <ClInclude Include="Math\ZMVector4.h">
      <Filter>Source Files\Math</Filter>
    </ClInclude>
    <ClInclude Include="Debugging\ZMDebugger.h" />
    <ClInclude Include="Utility\ZMSingleton.h">
      <Filter>Source Files\Utilities</Filter>
    </ClInclude>
    <ClInclude Include="DataStructures\StackArray.h" />
    <ClInclude Include="DataStructures\MemoryContainer.h" />
    <ClInclude Include="Math\Line3D.h" />
    <ClInclude Include="Time\Ticker.h" />
    <ClInclude Include="Time\Time.h" />
    <ClInclude Include="Time\Timer.h" />
    <ClInclude Include="Time\TimerManager.h" />
    <ClInclude Include="DataStructures\BinarySearchTree.h" />
    <ClInclude Include="Profiler.h" />
  </ItemGroup>
  <ItemGroup>
    <None Include="Math\ZMMatrixMath.inl">
      <Filter>Source Files\Math</Filter>
    </None>
    <None Include="Math\ZMVectorMath.inl">
      <Filter>Source Files\Math</Filter>
    </None>
  </ItemGroup>
  <ItemGroup>
    <ClCompile Include="Debugging\ZMDebugger.cpp">
      <Filter>Source Files</Filter>
    </ClCompile>
    <ClCompile Include="Utility\ZMSingleton.cpp">
      <Filter>Source Files\Utilities</Filter>
    </ClCompile>
    <ClCompile Include="Math\Line3D.cpp">
      <Filter>Source Files</Filter>
    </ClCompile>
    <ClCompile Include="Time\Ticker.cpp">
      <Filter>Source Files</Filter>
    </ClCompile>
    <ClCompile Include="Time\Time.cpp">
      <Filter>Source Files</Filter>
    </ClCompile>
    <ClCompile Include="Time\Timer.cpp">
      <Filter>Source Files</Filter>
    </ClCompile>
    <ClCompile Include="Time\TimerManager.cpp">
      <Filter>Source Files</Filter>
    </ClCompile>
    <ClCompile Include="Profiler.cpp">
      <Filter>Source Files</Filter>
    </ClCompile>
  </ItemGroup>
</Project>