
Microsoft Visual Studio Solution File, Format Version 12.00
# Visual Studio 15
VisualStudioVersion = 15.0.27130.2027
MinimumVisualStudioVersion = 10.0.40219.1
Project("{8BC9CEB8-8B4A-11D0-8D11-00A0C91BC942}") = "ZMasher", "ZMasher\ZMasher.vcxproj", "{2A6D7881-C54B-47E3-9C47-867BD0CE0BDF}"
	ProjectSection(ProjectDependencies) = postProject
		{0F507CA4-0F6B-4EDF-966E-BDCE07F791A1} = {0F507CA4-0F6B-4EDF-966E-BDCE07F791A1}
		{D1C528B6-AA02-4D29-9D61-DC08E317A70D} = {D1C528B6-AA02-4D29-9D61-DC08E317A70D}
	EndProjectSection
EndProject
Project("{8BC9CEB8-8B4A-11D0-8D11-00A0C91BC942}") = "ZMUtils", "ZMUtils\ZMUtils.vcxproj", "{0F507CA4-0F6B-4EDF-966E-BDCE07F791A1}"
EndProject
Project("{8BC9CEB8-8B4A-11D0-8D11-00A0C91BC942}") = "3DTestProject", "3DTestProject\3DTestProject.vcxproj", "{F1D8DCAA-91C8-4307-997E-2BD3EC6F5162}"
EndProject
Project("{8BC9CEB8-8B4A-11D0-8D11-00A0C91BC942}") = "ZMMiscTester", "ZMMiscTester\ZMMiscTester.vcxproj", "{F6AFC256-40CD-40C9-A7A4-214BC29686CD}"
EndProject
Project("{8BC9CEB8-8B4A-11D0-8D11-00A0C91BC942}") = "tinyxml2", "tinyxml2\tinyxml2.vcxproj", "{D1C528B6-AA02-4D29-9D61-DC08E317A70D}"
EndProject
Project("{8BC9CEB8-8B4A-11D0-8D11-00A0C91BC942}") = "MemoryManager", "MemoryManager\MemoryManager.vcxproj", "{08087AFB-78AB-441B-8A1D-AFBA2B9C4FB6}"
EndProject
Project("{8BC9CEB8-8B4A-11D0-8D11-00A0C91BC942}") = "Effects11", "..\..\..\..\3rd Party Code\FX11\Effects11_2017_Win10.vcxproj", "{DF460EAB-570D-4B50-9089-2E2FC801BF38}"
EndProject
Project("{8BC9CEB8-8B4A-11D0-8D11-00A0C91BC942}") = "DirectXTK_Desktop_2017", "..\..\..\..\3rd Party Code\DirectXTK\DirectXTK_Desktop_2017.vcxproj", "{E0B52AE7-E160-4D32-BF3F-910B785E5A8E}"
EndProject
Project("{2150E333-8FDC-42A3-9474-1A3956D46DE8}") = "3rd party", "3rd party", "{9621ADE4-8321-4ADC-8CBE-4E09C220DD06}"
EndProject
Project("{2150E333-8FDC-42A3-9474-1A3956D46DE8}") = "Libraries", "Libraries", "{FEB63DFE-F95B-49D0-8265-5C93FEFD254F}"
EndProject
Project("{8BC9CEB8-8B4A-11D0-8D11-00A0C91BC942}") = "ZMasherGfxDX11", "ZMasherGfxDX11\ZMasherGfxDX11.vcxproj", "{22DED705-1D54-4F76-A3D6-8AC3C52D1153}"
EndProject
Project("{8BC9CEB8-8B4A-11D0-8D11-00A0C91BC942}") = "ZMasherGfxDX12", "ZMasherGfxDX12\ZMasherGfxDX12.vcxproj", "{EBF1C87F-5B66-4CC9-9FF3-1F6573F427E0}"
EndProject
Global
	GlobalSection(SolutionConfigurationPlatforms) = preSolution
		Debug|ARM = Debug|ARM
		Debug|Mixed Platforms = Debug|Mixed Platforms
		Debug|Win32 = Debug|Win32
		Debug|x64 = Debug|x64
		Debug|x86 = Debug|x86
		DebugTest|ARM = DebugTest|ARM
		DebugTest|Mixed Platforms = DebugTest|Mixed Platforms
		DebugTest|Win32 = DebugTest|Win32
		DebugTest|x64 = DebugTest|x64
		DebugTest|x86 = DebugTest|x86
		gtest_debug|ARM = gtest_debug|ARM
		gtest_debug|Mixed Platforms = gtest_debug|Mixed Platforms
		gtest_debug|Win32 = gtest_debug|Win32
		gtest_debug|x64 = gtest_debug|x64
		gtest_debug|x86 = gtest_debug|x86
		Profile|ARM = Profile|ARM
		Profile|Mixed Platforms = Profile|Mixed Platforms
		Profile|Win32 = Profile|Win32
		Profile|x64 = Profile|x64
		Profile|x86 = Profile|x86
		Release|ARM = Release|ARM
		Release|Mixed Platforms = Release|Mixed Platforms
		Release|Win32 = Release|Win32
		Release|x64 = Release|x64
		Release|x86 = Release|x86
	EndGlobalSection
	GlobalSection(ProjectConfigurationPlatforms) = postSolution
		{2A6D7881-C54B-47E3-9C47-867BD0CE0BDF}.Debug|ARM.ActiveCfg = Debug|Win32
		{2A6D7881-C54B-47E3-9C47-867BD0CE0BDF}.Debug|Mixed Platforms.ActiveCfg = Debug|Win32
		{2A6D7881-C54B-47E3-9C47-867BD0CE0BDF}.Debug|Mixed Platforms.Build.0 = Debug|Win32
		{2A6D7881-C54B-47E3-9C47-867BD0CE0BDF}.Debug|Win32.ActiveCfg = Debug|Win32
		{2A6D7881-C54B-47E3-9C47-867BD0CE0BDF}.Debug|Win32.Build.0 = Debug|Win32
		{2A6D7881-C54B-47E3-9C47-867BD0CE0BDF}.Debug|x64.ActiveCfg = Debug|x64
		{2A6D7881-C54B-47E3-9C47-867BD0CE0BDF}.Debug|x64.Build.0 = Debug|x64
		{2A6D7881-C54B-47E3-9C47-867BD0CE0BDF}.Debug|x86.ActiveCfg = Debug|Win32
		{2A6D7881-C54B-47E3-9C47-867BD0CE0BDF}.Debug|x86.Build.0 = Debug|Win32
		{2A6D7881-C54B-47E3-9C47-867BD0CE0BDF}.DebugTest|ARM.ActiveCfg = DebugTest|Win32
		{2A6D7881-C54B-47E3-9C47-867BD0CE0BDF}.DebugTest|Mixed Platforms.ActiveCfg = DebugTest|Win32
		{2A6D7881-C54B-47E3-9C47-867BD0CE0BDF}.DebugTest|Mixed Platforms.Build.0 = DebugTest|Win32
		{2A6D7881-C54B-47E3-9C47-867BD0CE0BDF}.DebugTest|Win32.ActiveCfg = DebugTest|Win32
		{2A6D7881-C54B-47E3-9C47-867BD0CE0BDF}.DebugTest|Win32.Build.0 = DebugTest|Win32
		{2A6D7881-C54B-47E3-9C47-867BD0CE0BDF}.DebugTest|x64.ActiveCfg = Debug|x64
		{2A6D7881-C54B-47E3-9C47-867BD0CE0BDF}.DebugTest|x64.Build.0 = Debug|x64
		{2A6D7881-C54B-47E3-9C47-867BD0CE0BDF}.DebugTest|x86.ActiveCfg = Debug|Win32
		{2A6D7881-C54B-47E3-9C47-867BD0CE0BDF}.DebugTest|x86.Build.0 = Debug|Win32
		{2A6D7881-C54B-47E3-9C47-867BD0CE0BDF}.gtest_debug|ARM.ActiveCfg = Release|x64
		{2A6D7881-C54B-47E3-9C47-867BD0CE0BDF}.gtest_debug|ARM.Build.0 = Release|x64
		{2A6D7881-C54B-47E3-9C47-867BD0CE0BDF}.gtest_debug|Mixed Platforms.ActiveCfg = Release|Win32
		{2A6D7881-C54B-47E3-9C47-867BD0CE0BDF}.gtest_debug|Mixed Platforms.Build.0 = Release|Win32
		{2A6D7881-C54B-47E3-9C47-867BD0CE0BDF}.gtest_debug|Win32.ActiveCfg = Release|Win32
		{2A6D7881-C54B-47E3-9C47-867BD0CE0BDF}.gtest_debug|Win32.Build.0 = Release|Win32
		{2A6D7881-C54B-47E3-9C47-867BD0CE0BDF}.gtest_debug|x64.ActiveCfg = Debug|x64
		{2A6D7881-C54B-47E3-9C47-867BD0CE0BDF}.gtest_debug|x64.Build.0 = Debug|x64
		{2A6D7881-C54B-47E3-9C47-867BD0CE0BDF}.gtest_debug|x86.ActiveCfg = Debug|Win32
		{2A6D7881-C54B-47E3-9C47-867BD0CE0BDF}.gtest_debug|x86.Build.0 = Debug|Win32
		{2A6D7881-C54B-47E3-9C47-867BD0CE0BDF}.Profile|ARM.ActiveCfg = Release|x64
		{2A6D7881-C54B-47E3-9C47-867BD0CE0BDF}.Profile|ARM.Build.0 = Release|x64
		{2A6D7881-C54B-47E3-9C47-867BD0CE0BDF}.Profile|Mixed Platforms.ActiveCfg = Release|Win32
		{2A6D7881-C54B-47E3-9C47-867BD0CE0BDF}.Profile|Mixed Platforms.Build.0 = Release|Win32
		{2A6D7881-C54B-47E3-9C47-867BD0CE0BDF}.Profile|Win32.ActiveCfg = Release|Win32
		{2A6D7881-C54B-47E3-9C47-867BD0CE0BDF}.Profile|Win32.Build.0 = Release|Win32
		{2A6D7881-C54B-47E3-9C47-867BD0CE0BDF}.Profile|x64.ActiveCfg = Debug|x64
		{2A6D7881-C54B-47E3-9C47-867BD0CE0BDF}.Profile|x64.Build.0 = Debug|x64
		{2A6D7881-C54B-47E3-9C47-867BD0CE0BDF}.Profile|x86.ActiveCfg = Debug|Win32
		{2A6D7881-C54B-47E3-9C47-867BD0CE0BDF}.Profile|x86.Build.0 = Debug|Win32
		{2A6D7881-C54B-47E3-9C47-867BD0CE0BDF}.Release|ARM.ActiveCfg = Release|Win32
		{2A6D7881-C54B-47E3-9C47-867BD0CE0BDF}.Release|Mixed Platforms.ActiveCfg = Release|Win32
		{2A6D7881-C54B-47E3-9C47-867BD0CE0BDF}.Release|Mixed Platforms.Build.0 = Release|Win32
		{2A6D7881-C54B-47E3-9C47-867BD0CE0BDF}.Release|Win32.ActiveCfg = Release|Win32
		{2A6D7881-C54B-47E3-9C47-867BD0CE0BDF}.Release|Win32.Build.0 = Release|Win32
		{2A6D7881-C54B-47E3-9C47-867BD0CE0BDF}.Release|x64.ActiveCfg = Release|x64
		{2A6D7881-C54B-47E3-9C47-867BD0CE0BDF}.Release|x64.Build.0 = Release|x64
		{2A6D7881-C54B-47E3-9C47-867BD0CE0BDF}.Release|x86.ActiveCfg = Release|Win32
		{2A6D7881-C54B-47E3-9C47-867BD0CE0BDF}.Release|x86.Build.0 = Release|Win32
		{0F507CA4-0F6B-4EDF-966E-BDCE07F791A1}.Debug|ARM.ActiveCfg = Debug|Win32
		{0F507CA4-0F6B-4EDF-966E-BDCE07F791A1}.Debug|Mixed Platforms.ActiveCfg = Debug|Win32
		{0F507CA4-0F6B-4EDF-966E-BDCE07F791A1}.Debug|Mixed Platforms.Build.0 = Debug|Win32
		{0F507CA4-0F6B-4EDF-966E-BDCE07F791A1}.Debug|Win32.ActiveCfg = Debug|Win32
		{0F507CA4-0F6B-4EDF-966E-BDCE07F791A1}.Debug|Win32.Build.0 = Debug|Win32
		{0F507CA4-0F6B-4EDF-966E-BDCE07F791A1}.Debug|x64.ActiveCfg = Debug|x64
		{0F507CA4-0F6B-4EDF-966E-BDCE07F791A1}.Debug|x64.Build.0 = Debug|x64
		{0F507CA4-0F6B-4EDF-966E-BDCE07F791A1}.Debug|x86.ActiveCfg = Debug|Win32
		{0F507CA4-0F6B-4EDF-966E-BDCE07F791A1}.Debug|x86.Build.0 = Debug|Win32
		{0F507CA4-0F6B-4EDF-966E-BDCE07F791A1}.DebugTest|ARM.ActiveCfg = DebugTest|Win32
		{0F507CA4-0F6B-4EDF-966E-BDCE07F791A1}.DebugTest|Mixed Platforms.ActiveCfg = DebugTest|Win32
		{0F507CA4-0F6B-4EDF-966E-BDCE07F791A1}.DebugTest|Mixed Platforms.Build.0 = DebugTest|Win32
		{0F507CA4-0F6B-4EDF-966E-BDCE07F791A1}.DebugTest|Win32.ActiveCfg = DebugTest|Win32
		{0F507CA4-0F6B-4EDF-966E-BDCE07F791A1}.DebugTest|Win32.Build.0 = DebugTest|Win32
		{0F507CA4-0F6B-4EDF-966E-BDCE07F791A1}.DebugTest|x64.ActiveCfg = Debug|x64
		{0F507CA4-0F6B-4EDF-966E-BDCE07F791A1}.DebugTest|x64.Build.0 = Debug|x64
		{0F507CA4-0F6B-4EDF-966E-BDCE07F791A1}.DebugTest|x86.ActiveCfg = Debug|Win32
		{0F507CA4-0F6B-4EDF-966E-BDCE07F791A1}.DebugTest|x86.Build.0 = Debug|Win32
		{0F507CA4-0F6B-4EDF-966E-BDCE07F791A1}.gtest_debug|ARM.ActiveCfg = gtest_debug|Win32
		{0F507CA4-0F6B-4EDF-966E-BDCE07F791A1}.gtest_debug|Mixed Platforms.ActiveCfg = gtest_debug|Win32
		{0F507CA4-0F6B-4EDF-966E-BDCE07F791A1}.gtest_debug|Mixed Platforms.Build.0 = gtest_debug|Win32
		{0F507CA4-0F6B-4EDF-966E-BDCE07F791A1}.gtest_debug|Mixed Platforms.Deploy.0 = gtest_debug|Win32
		{0F507CA4-0F6B-4EDF-966E-BDCE07F791A1}.gtest_debug|Win32.ActiveCfg = gtest_debug|Win32
		{0F507CA4-0F6B-4EDF-966E-BDCE07F791A1}.gtest_debug|Win32.Build.0 = gtest_debug|Win32
		{0F507CA4-0F6B-4EDF-966E-BDCE07F791A1}.gtest_debug|Win32.Deploy.0 = gtest_debug|Win32
		{0F507CA4-0F6B-4EDF-966E-BDCE07F791A1}.gtest_debug|x64.ActiveCfg = Debug|x64
		{0F507CA4-0F6B-4EDF-966E-BDCE07F791A1}.gtest_debug|x64.Build.0 = Debug|x64
		{0F507CA4-0F6B-4EDF-966E-BDCE07F791A1}.gtest_debug|x64.Deploy.0 = gtest_debug|x64
		{0F507CA4-0F6B-4EDF-966E-BDCE07F791A1}.gtest_debug|x86.ActiveCfg = Debug|Win32
		{0F507CA4-0F6B-4EDF-966E-BDCE07F791A1}.gtest_debug|x86.Build.0 = Debug|Win32
		{0F507CA4-0F6B-4EDF-966E-BDCE07F791A1}.gtest_debug|x86.Deploy.0 = gtest_debug|Win32
		{0F507CA4-0F6B-4EDF-966E-BDCE07F791A1}.Profile|ARM.ActiveCfg = Release|x64
		{0F507CA4-0F6B-4EDF-966E-BDCE07F791A1}.Profile|ARM.Build.0 = Release|x64
		{0F507CA4-0F6B-4EDF-966E-BDCE07F791A1}.Profile|ARM.Deploy.0 = Release|x64
		{0F507CA4-0F6B-4EDF-966E-BDCE07F791A1}.Profile|Mixed Platforms.ActiveCfg = gtest_debug|Win32
		{0F507CA4-0F6B-4EDF-966E-BDCE07F791A1}.Profile|Mixed Platforms.Build.0 = gtest_debug|Win32
		{0F507CA4-0F6B-4EDF-966E-BDCE07F791A1}.Profile|Mixed Platforms.Deploy.0 = gtest_debug|Win32
		{0F507CA4-0F6B-4EDF-966E-BDCE07F791A1}.Profile|Win32.ActiveCfg = gtest_debug|Win32
		{0F507CA4-0F6B-4EDF-966E-BDCE07F791A1}.Profile|Win32.Build.0 = gtest_debug|Win32
		{0F507CA4-0F6B-4EDF-966E-BDCE07F791A1}.Profile|Win32.Deploy.0 = gtest_debug|Win32
		{0F507CA4-0F6B-4EDF-966E-BDCE07F791A1}.Profile|x64.ActiveCfg = Debug|x64
		{0F507CA4-0F6B-4EDF-966E-BDCE07F791A1}.Profile|x64.Build.0 = Debug|x64
		{0F507CA4-0F6B-4EDF-966E-BDCE07F791A1}.Profile|x64.Deploy.0 = gtest_debug|x64
		{0F507CA4-0F6B-4EDF-966E-BDCE07F791A1}.Profile|x86.ActiveCfg = Debug|Win32
		{0F507CA4-0F6B-4EDF-966E-BDCE07F791A1}.Profile|x86.Build.0 = Debug|Win32
		{0F507CA4-0F6B-4EDF-966E-BDCE07F791A1}.Profile|x86.Deploy.0 = gtest_debug|Win32
		{0F507CA4-0F6B-4EDF-966E-BDCE07F791A1}.Release|ARM.ActiveCfg = Release|Win32
		{0F507CA4-0F6B-4EDF-966E-BDCE07F791A1}.Release|Mixed Platforms.ActiveCfg = Release|Win32
		{0F507CA4-0F6B-4EDF-966E-BDCE07F791A1}.Release|Mixed Platforms.Build.0 = Release|Win32
		{0F507CA4-0F6B-4EDF-966E-BDCE07F791A1}.Release|Win32.ActiveCfg = Release|Win32
		{0F507CA4-0F6B-4EDF-966E-BDCE07F791A1}.Release|Win32.Build.0 = Release|Win32
		{0F507CA4-0F6B-4EDF-966E-BDCE07F791A1}.Release|x64.ActiveCfg = Release|x64
		{0F507CA4-0F6B-4EDF-966E-BDCE07F791A1}.Release|x64.Build.0 = Release|x64
		{0F507CA4-0F6B-4EDF-966E-BDCE07F791A1}.Release|x86.ActiveCfg = Release|Win32
		{0F507CA4-0F6B-4EDF-966E-BDCE07F791A1}.Release|x86.Build.0 = Release|Win32
		{F1D8DCAA-91C8-4307-997E-2BD3EC6F5162}.Debug|ARM.ActiveCfg = Debug|Win32
		{F1D8DCAA-91C8-4307-997E-2BD3EC6F5162}.Debug|Mixed Platforms.ActiveCfg = Debug|Win32
		{F1D8DCAA-91C8-4307-997E-2BD3EC6F5162}.Debug|Mixed Platforms.Build.0 = Debug|Win32
		{F1D8DCAA-91C8-4307-997E-2BD3EC6F5162}.Debug|Win32.ActiveCfg = Debug|Win32
		{F1D8DCAA-91C8-4307-997E-2BD3EC6F5162}.Debug|Win32.Build.0 = Debug|Win32
		{F1D8DCAA-91C8-4307-997E-2BD3EC6F5162}.Debug|x64.ActiveCfg = Debug|x64
		{F1D8DCAA-91C8-4307-997E-2BD3EC6F5162}.Debug|x64.Build.0 = Debug|x64
		{F1D8DCAA-91C8-4307-997E-2BD3EC6F5162}.Debug|x86.ActiveCfg = Debug|Win32
		{F1D8DCAA-91C8-4307-997E-2BD3EC6F5162}.Debug|x86.Build.0 = Debug|Win32
		{F1D8DCAA-91C8-4307-997E-2BD3EC6F5162}.DebugTest|ARM.ActiveCfg = DebugTest|Win32
		{F1D8DCAA-91C8-4307-997E-2BD3EC6F5162}.DebugTest|Mixed Platforms.ActiveCfg = DebugTest|Win32
		{F1D8DCAA-91C8-4307-997E-2BD3EC6F5162}.DebugTest|Mixed Platforms.Build.0 = DebugTest|Win32
		{F1D8DCAA-91C8-4307-997E-2BD3EC6F5162}.DebugTest|Win32.ActiveCfg = DebugTest|Win32
		{F1D8DCAA-91C8-4307-997E-2BD3EC6F5162}.DebugTest|Win32.Build.0 = DebugTest|Win32
		{F1D8DCAA-91C8-4307-997E-2BD3EC6F5162}.DebugTest|x64.ActiveCfg = Debug|x64
		{F1D8DCAA-91C8-4307-997E-2BD3EC6F5162}.DebugTest|x64.Build.0 = Debug|x64
		{F1D8DCAA-91C8-4307-997E-2BD3EC6F5162}.DebugTest|x86.ActiveCfg = Release|Win32
		{F1D8DCAA-91C8-4307-997E-2BD3EC6F5162}.DebugTest|x86.Build.0 = Release|Win32
		{F1D8DCAA-91C8-4307-997E-2BD3EC6F5162}.gtest_debug|ARM.ActiveCfg = DebugTest|x64
		{F1D8DCAA-91C8-4307-997E-2BD3EC6F5162}.gtest_debug|ARM.Build.0 = DebugTest|x64
		{F1D8DCAA-91C8-4307-997E-2BD3EC6F5162}.gtest_debug|Mixed Platforms.ActiveCfg = Release|Win32
		{F1D8DCAA-91C8-4307-997E-2BD3EC6F5162}.gtest_debug|Mixed Platforms.Build.0 = Release|Win32
		{F1D8DCAA-91C8-4307-997E-2BD3EC6F5162}.gtest_debug|Win32.ActiveCfg = Release|Win32
		{F1D8DCAA-91C8-4307-997E-2BD3EC6F5162}.gtest_debug|Win32.Build.0 = Release|Win32
		{F1D8DCAA-91C8-4307-997E-2BD3EC6F5162}.gtest_debug|x64.ActiveCfg = Debug|x64
		{F1D8DCAA-91C8-4307-997E-2BD3EC6F5162}.gtest_debug|x64.Build.0 = Debug|x64
		{F1D8DCAA-91C8-4307-997E-2BD3EC6F5162}.gtest_debug|x86.ActiveCfg = Release|Win32
		{F1D8DCAA-91C8-4307-997E-2BD3EC6F5162}.gtest_debug|x86.Build.0 = Release|Win32
		{F1D8DCAA-91C8-4307-997E-2BD3EC6F5162}.Profile|ARM.ActiveCfg = DebugTest|x64
		{F1D8DCAA-91C8-4307-997E-2BD3EC6F5162}.Profile|ARM.Build.0 = DebugTest|x64
		{F1D8DCAA-91C8-4307-997E-2BD3EC6F5162}.Profile|Mixed Platforms.ActiveCfg = Release|Win32
		{F1D8DCAA-91C8-4307-997E-2BD3EC6F5162}.Profile|Mixed Platforms.Build.0 = Release|Win32
		{F1D8DCAA-91C8-4307-997E-2BD3EC6F5162}.Profile|Mixed Platforms.Deploy.0 = Release|Win32
		{F1D8DCAA-91C8-4307-997E-2BD3EC6F5162}.Profile|Win32.ActiveCfg = Release|Win32
		{F1D8DCAA-91C8-4307-997E-2BD3EC6F5162}.Profile|Win32.Build.0 = Release|Win32
		{F1D8DCAA-91C8-4307-997E-2BD3EC6F5162}.Profile|Win32.Deploy.0 = Release|Win32
		{F1D8DCAA-91C8-4307-997E-2BD3EC6F5162}.Profile|x64.ActiveCfg = Debug|x64
		{F1D8DCAA-91C8-4307-997E-2BD3EC6F5162}.Profile|x64.Build.0 = Debug|x64
		{F1D8DCAA-91C8-4307-997E-2BD3EC6F5162}.Profile|x64.Deploy.0 = Release|x64
		{F1D8DCAA-91C8-4307-997E-2BD3EC6F5162}.Profile|x86.ActiveCfg = Release|Win32
		{F1D8DCAA-91C8-4307-997E-2BD3EC6F5162}.Profile|x86.Build.0 = Release|Win32
		{F1D8DCAA-91C8-4307-997E-2BD3EC6F5162}.Profile|x86.Deploy.0 = Release|Win32
		{F1D8DCAA-91C8-4307-997E-2BD3EC6F5162}.Release|ARM.ActiveCfg = Release|Win32
		{F1D8DCAA-91C8-4307-997E-2BD3EC6F5162}.Release|Mixed Platforms.ActiveCfg = Release|Win32
		{F1D8DCAA-91C8-4307-997E-2BD3EC6F5162}.Release|Mixed Platforms.Build.0 = Release|Win32
		{F1D8DCAA-91C8-4307-997E-2BD3EC6F5162}.Release|Win32.ActiveCfg = Release|Win32
		{F1D8DCAA-91C8-4307-997E-2BD3EC6F5162}.Release|Win32.Build.0 = Release|Win32
		{F1D8DCAA-91C8-4307-997E-2BD3EC6F5162}.Release|x64.ActiveCfg = Release|x64
		{F1D8DCAA-91C8-4307-997E-2BD3EC6F5162}.Release|x64.Build.0 = Release|x64
		{F1D8DCAA-91C8-4307-997E-2BD3EC6F5162}.Release|x86.ActiveCfg = Release|Win32
		{F1D8DCAA-91C8-4307-997E-2BD3EC6F5162}.Release|x86.Build.0 = Release|Win32
		{F6AFC256-40CD-40C9-A7A4-214BC29686CD}.Debug|ARM.ActiveCfg = Debug|Win32
		{F6AFC256-40CD-40C9-A7A4-214BC29686CD}.Debug|Mixed Platforms.ActiveCfg = Debug|Win32
		{F6AFC256-40CD-40C9-A7A4-214BC29686CD}.Debug|Mixed Platforms.Build.0 = Debug|Win32
		{F6AFC256-40CD-40C9-A7A4-214BC29686CD}.Debug|Win32.ActiveCfg = Debug|Win32
		{F6AFC256-40CD-40C9-A7A4-214BC29686CD}.Debug|Win32.Build.0 = Debug|Win32
		{F6AFC256-40CD-40C9-A7A4-214BC29686CD}.Debug|x64.ActiveCfg = Debug|Win32
		{F6AFC256-40CD-40C9-A7A4-214BC29686CD}.Debug|x86.ActiveCfg = Debug|Win32
		{F6AFC256-40CD-40C9-A7A4-214BC29686CD}.Debug|x86.Build.0 = Debug|Win32
		{F6AFC256-40CD-40C9-A7A4-214BC29686CD}.DebugTest|ARM.ActiveCfg = DebugTest|Win32
		{F6AFC256-40CD-40C9-A7A4-214BC29686CD}.DebugTest|Mixed Platforms.ActiveCfg = DebugTest|Win32
		{F6AFC256-40CD-40C9-A7A4-214BC29686CD}.DebugTest|Mixed Platforms.Build.0 = DebugTest|Win32
		{F6AFC256-40CD-40C9-A7A4-214BC29686CD}.DebugTest|Win32.ActiveCfg = DebugTest|Win32
		{F6AFC256-40CD-40C9-A7A4-214BC29686CD}.DebugTest|Win32.Build.0 = DebugTest|Win32
		{F6AFC256-40CD-40C9-A7A4-214BC29686CD}.DebugTest|x64.ActiveCfg = Debug|Win32
		{F6AFC256-40CD-40C9-A7A4-214BC29686CD}.DebugTest|x86.ActiveCfg = Debug|Win32
		{F6AFC256-40CD-40C9-A7A4-214BC29686CD}.DebugTest|x86.Build.0 = Debug|Win32
		{F6AFC256-40CD-40C9-A7A4-214BC29686CD}.gtest_debug|ARM.ActiveCfg = Release|Win32
		{F6AFC256-40CD-40C9-A7A4-214BC29686CD}.gtest_debug|ARM.Build.0 = Release|Win32
		{F6AFC256-40CD-40C9-A7A4-214BC29686CD}.gtest_debug|ARM.Deploy.0 = Release|Win32
		{F6AFC256-40CD-40C9-A7A4-214BC29686CD}.gtest_debug|Mixed Platforms.ActiveCfg = Release|Win32
		{F6AFC256-40CD-40C9-A7A4-214BC29686CD}.gtest_debug|Mixed Platforms.Build.0 = Release|Win32
		{F6AFC256-40CD-40C9-A7A4-214BC29686CD}.gtest_debug|Mixed Platforms.Deploy.0 = Release|Win32
		{F6AFC256-40CD-40C9-A7A4-214BC29686CD}.gtest_debug|Win32.ActiveCfg = Release|Win32
		{F6AFC256-40CD-40C9-A7A4-214BC29686CD}.gtest_debug|Win32.Build.0 = Release|Win32
		{F6AFC256-40CD-40C9-A7A4-214BC29686CD}.gtest_debug|Win32.Deploy.0 = Release|Win32
		{F6AFC256-40CD-40C9-A7A4-214BC29686CD}.gtest_debug|x64.ActiveCfg = Debug|Win32
		{F6AFC256-40CD-40C9-A7A4-214BC29686CD}.gtest_debug|x64.Deploy.0 = Release|Win32
		{F6AFC256-40CD-40C9-A7A4-214BC29686CD}.gtest_debug|x86.ActiveCfg = Debug|Win32
		{F6AFC256-40CD-40C9-A7A4-214BC29686CD}.gtest_debug|x86.Build.0 = Debug|Win32
		{F6AFC256-40CD-40C9-A7A4-214BC29686CD}.gtest_debug|x86.Deploy.0 = Release|Win32
		{F6AFC256-40CD-40C9-A7A4-214BC29686CD}.Profile|ARM.ActiveCfg = Release|Win32
		{F6AFC256-40CD-40C9-A7A4-214BC29686CD}.Profile|ARM.Build.0 = Release|Win32
		{F6AFC256-40CD-40C9-A7A4-214BC29686CD}.Profile|ARM.Deploy.0 = Release|Win32
		{F6AFC256-40CD-40C9-A7A4-214BC29686CD}.Profile|Mixed Platforms.ActiveCfg = Release|Win32
		{F6AFC256-40CD-40C9-A7A4-214BC29686CD}.Profile|Mixed Platforms.Build.0 = Release|Win32
		{F6AFC256-40CD-40C9-A7A4-214BC29686CD}.Profile|Mixed Platforms.Deploy.0 = Release|Win32
		{F6AFC256-40CD-40C9-A7A4-214BC29686CD}.Profile|Win32.ActiveCfg = Release|Win32
		{F6AFC256-40CD-40C9-A7A4-214BC29686CD}.Profile|Win32.Build.0 = Release|Win32
		{F6AFC256-40CD-40C9-A7A4-214BC29686CD}.Profile|Win32.Deploy.0 = Release|Win32
		{F6AFC256-40CD-40C9-A7A4-214BC29686CD}.Profile|x64.ActiveCfg = Debug|Win32
		{F6AFC256-40CD-40C9-A7A4-214BC29686CD}.Profile|x64.Deploy.0 = Release|Win32
		{F6AFC256-40CD-40C9-A7A4-214BC29686CD}.Profile|x86.ActiveCfg = Debug|Win32
		{F6AFC256-40CD-40C9-A7A4-214BC29686CD}.Profile|x86.Build.0 = Debug|Win32
		{F6AFC256-40CD-40C9-A7A4-214BC29686CD}.Profile|x86.Deploy.0 = Release|Win32
		{F6AFC256-40CD-40C9-A7A4-214BC29686CD}.Release|ARM.ActiveCfg = Release|Win32
		{F6AFC256-40CD-40C9-A7A4-214BC29686CD}.Release|Mixed Platforms.ActiveCfg = Release|Win32
		{F6AFC256-40CD-40C9-A7A4-214BC29686CD}.Release|Mixed Platforms.Build.0 = Release|Win32
		{F6AFC256-40CD-40C9-A7A4-214BC29686CD}.Release|Win32.ActiveCfg = Release|Win32
		{F6AFC256-40CD-40C9-A7A4-214BC29686CD}.Release|Win32.Build.0 = Release|Win32
		{F6AFC256-40CD-40C9-A7A4-214BC29686CD}.Release|x64.ActiveCfg = Release|Win32
		{F6AFC256-40CD-40C9-A7A4-214BC29686CD}.Release|x86.ActiveCfg = Release|Win32
		{F6AFC256-40CD-40C9-A7A4-214BC29686CD}.Release|x86.Build.0 = Release|Win32
		{D1C528B6-AA02-4D29-9D61-DC08E317A70D}.Debug|ARM.ActiveCfg = Debug|Win32
		{D1C528B6-AA02-4D29-9D61-DC08E317A70D}.Debug|Mixed Platforms.ActiveCfg = Debug|Win32
		{D1C528B6-AA02-4D29-9D61-DC08E317A70D}.Debug|Mixed Platforms.Build.0 = Debug|Win32
		{D1C528B6-AA02-4D29-9D61-DC08E317A70D}.Debug|Win32.ActiveCfg = Debug|Win32
		{D1C528B6-AA02-4D29-9D61-DC08E317A70D}.Debug|Win32.Build.0 = Debug|Win32
		{D1C528B6-AA02-4D29-9D61-DC08E317A70D}.Debug|x64.ActiveCfg = Debug|x64
		{D1C528B6-AA02-4D29-9D61-DC08E317A70D}.Debug|x64.Build.0 = Debug|x64
		{D1C528B6-AA02-4D29-9D61-DC08E317A70D}.Debug|x86.ActiveCfg = Debug|Win32
		{D1C528B6-AA02-4D29-9D61-DC08E317A70D}.Debug|x86.Build.0 = Debug|Win32
		{D1C528B6-AA02-4D29-9D61-DC08E317A70D}.DebugTest|ARM.ActiveCfg = DebugTest|Win32
		{D1C528B6-AA02-4D29-9D61-DC08E317A70D}.DebugTest|Mixed Platforms.ActiveCfg = DebugTest|Win32
		{D1C528B6-AA02-4D29-9D61-DC08E317A70D}.DebugTest|Mixed Platforms.Build.0 = DebugTest|Win32
		{D1C528B6-AA02-4D29-9D61-DC08E317A70D}.DebugTest|Win32.ActiveCfg = DebugTest|Win32
		{D1C528B6-AA02-4D29-9D61-DC08E317A70D}.DebugTest|Win32.Build.0 = DebugTest|Win32
		{D1C528B6-AA02-4D29-9D61-DC08E317A70D}.DebugTest|x64.ActiveCfg = Debug|x64
		{D1C528B6-AA02-4D29-9D61-DC08E317A70D}.DebugTest|x64.Build.0 = Debug|x64
		{D1C528B6-AA02-4D29-9D61-DC08E317A70D}.DebugTest|x86.ActiveCfg = DebugTest|Win32
		{D1C528B6-AA02-4D29-9D61-DC08E317A70D}.DebugTest|x86.Build.0 = DebugTest|Win32
		{D1C528B6-AA02-4D29-9D61-DC08E317A70D}.gtest_debug|ARM.ActiveCfg = DebugTest|x64
		{D1C528B6-AA02-4D29-9D61-DC08E317A70D}.gtest_debug|ARM.Build.0 = DebugTest|x64
		{D1C528B6-AA02-4D29-9D61-DC08E317A70D}.gtest_debug|Mixed Platforms.ActiveCfg = Release|Win32
		{D1C528B6-AA02-4D29-9D61-DC08E317A70D}.gtest_debug|Mixed Platforms.Build.0 = Release|Win32
		{D1C528B6-AA02-4D29-9D61-DC08E317A70D}.gtest_debug|Mixed Platforms.Deploy.0 = Release|Win32
		{D1C528B6-AA02-4D29-9D61-DC08E317A70D}.gtest_debug|Win32.ActiveCfg = Release|Win32
		{D1C528B6-AA02-4D29-9D61-DC08E317A70D}.gtest_debug|Win32.Build.0 = Release|Win32
		{D1C528B6-AA02-4D29-9D61-DC08E317A70D}.gtest_debug|Win32.Deploy.0 = Release|Win32
		{D1C528B6-AA02-4D29-9D61-DC08E317A70D}.gtest_debug|x64.ActiveCfg = Debug|x64
		{D1C528B6-AA02-4D29-9D61-DC08E317A70D}.gtest_debug|x64.Build.0 = Debug|x64
		{D1C528B6-AA02-4D29-9D61-DC08E317A70D}.gtest_debug|x64.Deploy.0 = Release|x64
		{D1C528B6-AA02-4D29-9D61-DC08E317A70D}.gtest_debug|x86.ActiveCfg = DebugTest|Win32
		{D1C528B6-AA02-4D29-9D61-DC08E317A70D}.gtest_debug|x86.Build.0 = DebugTest|Win32
		{D1C528B6-AA02-4D29-9D61-DC08E317A70D}.gtest_debug|x86.Deploy.0 = Release|Win32
		{D1C528B6-AA02-4D29-9D61-DC08E317A70D}.Profile|ARM.ActiveCfg = DebugTest|x64
		{D1C528B6-AA02-4D29-9D61-DC08E317A70D}.Profile|ARM.Build.0 = DebugTest|x64
		{D1C528B6-AA02-4D29-9D61-DC08E317A70D}.Profile|Mixed Platforms.ActiveCfg = Release|Win32
		{D1C528B6-AA02-4D29-9D61-DC08E317A70D}.Profile|Mixed Platforms.Build.0 = Release|Win32
		{D1C528B6-AA02-4D29-9D61-DC08E317A70D}.Profile|Mixed Platforms.Deploy.0 = Release|Win32
		{D1C528B6-AA02-4D29-9D61-DC08E317A70D}.Profile|Win32.ActiveCfg = Release|Win32
		{D1C528B6-AA02-4D29-9D61-DC08E317A70D}.Profile|Win32.Build.0 = Release|Win32
		{D1C528B6-AA02-4D29-9D61-DC08E317A70D}.Profile|Win32.Deploy.0 = Release|Win32
		{D1C528B6-AA02-4D29-9D61-DC08E317A70D}.Profile|x64.ActiveCfg = Debug|x64
		{D1C528B6-AA02-4D29-9D61-DC08E317A70D}.Profile|x64.Build.0 = Debug|x64
		{D1C528B6-AA02-4D29-9D61-DC08E317A70D}.Profile|x64.Deploy.0 = Release|x64
		{D1C528B6-AA02-4D29-9D61-DC08E317A70D}.Profile|x86.ActiveCfg = DebugTest|Win32
		{D1C528B6-AA02-4D29-9D61-DC08E317A70D}.Profile|x86.Build.0 = DebugTest|Win32
		{D1C528B6-AA02-4D29-9D61-DC08E317A70D}.Profile|x86.Deploy.0 = Release|Win32
		{D1C528B6-AA02-4D29-9D61-DC08E317A70D}.Release|ARM.ActiveCfg = Release|Win32
		{D1C528B6-AA02-4D29-9D61-DC08E317A70D}.Release|Mixed Platforms.ActiveCfg = Release|Win32
		{D1C528B6-AA02-4D29-9D61-DC08E317A70D}.Release|Mixed Platforms.Build.0 = Release|Win32
		{D1C528B6-AA02-4D29-9D61-DC08E317A70D}.Release|Win32.ActiveCfg = Release|Win32
		{D1C528B6-AA02-4D29-9D61-DC08E317A70D}.Release|Win32.Build.0 = Release|Win32
		{D1C528B6-AA02-4D29-9D61-DC08E317A70D}.Release|x64.ActiveCfg = Release|x64
		{D1C528B6-AA02-4D29-9D61-DC08E317A70D}.Release|x64.Build.0 = Release|x64
		{D1C528B6-AA02-4D29-9D61-DC08E317A70D}.Release|x86.ActiveCfg = Release|Win32
		{D1C528B6-AA02-4D29-9D61-DC08E317A70D}.Release|x86.Build.0 = Release|Win32
		{08087AFB-78AB-441B-8A1D-AFBA2B9C4FB6}.Debug|ARM.ActiveCfg = Debug|Win32
		{08087AFB-78AB-441B-8A1D-AFBA2B9C4FB6}.Debug|Mixed Platforms.ActiveCfg = Debug|Win32
		{08087AFB-78AB-441B-8A1D-AFBA2B9C4FB6}.Debug|Mixed Platforms.Build.0 = Debug|Win32
		{08087AFB-78AB-441B-8A1D-AFBA2B9C4FB6}.Debug|Win32.ActiveCfg = Debug|Win32
		{08087AFB-78AB-441B-8A1D-AFBA2B9C4FB6}.Debug|Win32.Build.0 = Debug|Win32
		{08087AFB-78AB-441B-8A1D-AFBA2B9C4FB6}.Debug|x64.ActiveCfg = Debug|x64
		{08087AFB-78AB-441B-8A1D-AFBA2B9C4FB6}.Debug|x64.Build.0 = Debug|x64
		{08087AFB-78AB-441B-8A1D-AFBA2B9C4FB6}.Debug|x86.ActiveCfg = gtest_debug|Win32
		{08087AFB-78AB-441B-8A1D-AFBA2B9C4FB6}.Debug|x86.Build.0 = gtest_debug|Win32
		{08087AFB-78AB-441B-8A1D-AFBA2B9C4FB6}.DebugTest|ARM.ActiveCfg = Release|x64
		{08087AFB-78AB-441B-8A1D-AFBA2B9C4FB6}.DebugTest|ARM.Build.0 = Release|x64
		{08087AFB-78AB-441B-8A1D-AFBA2B9C4FB6}.DebugTest|ARM.Deploy.0 = Release|x64
		{08087AFB-78AB-441B-8A1D-AFBA2B9C4FB6}.DebugTest|Mixed Platforms.ActiveCfg = Debug|Win32
		{08087AFB-78AB-441B-8A1D-AFBA2B9C4FB6}.DebugTest|Mixed Platforms.Build.0 = Debug|Win32
		{08087AFB-78AB-441B-8A1D-AFBA2B9C4FB6}.DebugTest|Win32.ActiveCfg = Debug|Win32
		{08087AFB-78AB-441B-8A1D-AFBA2B9C4FB6}.DebugTest|Win32.Build.0 = Debug|Win32
		{08087AFB-78AB-441B-8A1D-AFBA2B9C4FB6}.DebugTest|x64.ActiveCfg = Debug|x64
		{08087AFB-78AB-441B-8A1D-AFBA2B9C4FB6}.DebugTest|x64.Build.0 = Debug|x64
		{08087AFB-78AB-441B-8A1D-AFBA2B9C4FB6}.DebugTest|x86.ActiveCfg = gtest_debug|Win32
		{08087AFB-78AB-441B-8A1D-AFBA2B9C4FB6}.DebugTest|x86.Build.0 = gtest_debug|Win32
		{08087AFB-78AB-441B-8A1D-AFBA2B9C4FB6}.gtest_debug|ARM.ActiveCfg = gtest_debug|Win32
		{08087AFB-78AB-441B-8A1D-AFBA2B9C4FB6}.gtest_debug|Mixed Platforms.ActiveCfg = gtest_debug|Win32
		{08087AFB-78AB-441B-8A1D-AFBA2B9C4FB6}.gtest_debug|Mixed Platforms.Build.0 = gtest_debug|Win32
		{08087AFB-78AB-441B-8A1D-AFBA2B9C4FB6}.gtest_debug|Mixed Platforms.Deploy.0 = gtest_debug|Win32
		{08087AFB-78AB-441B-8A1D-AFBA2B9C4FB6}.gtest_debug|Win32.ActiveCfg = gtest_debug|Win32
		{08087AFB-78AB-441B-8A1D-AFBA2B9C4FB6}.gtest_debug|Win32.Build.0 = gtest_debug|Win32
		{08087AFB-78AB-441B-8A1D-AFBA2B9C4FB6}.gtest_debug|Win32.Deploy.0 = gtest_debug|Win32
		{08087AFB-78AB-441B-8A1D-AFBA2B9C4FB6}.gtest_debug|x64.ActiveCfg = Debug|x64
		{08087AFB-78AB-441B-8A1D-AFBA2B9C4FB6}.gtest_debug|x64.Build.0 = Debug|x64
		{08087AFB-78AB-441B-8A1D-AFBA2B9C4FB6}.gtest_debug|x64.Deploy.0 = gtest_debug|x64
		{08087AFB-78AB-441B-8A1D-AFBA2B9C4FB6}.gtest_debug|x86.ActiveCfg = gtest_debug|Win32
		{08087AFB-78AB-441B-8A1D-AFBA2B9C4FB6}.gtest_debug|x86.Build.0 = gtest_debug|Win32
		{08087AFB-78AB-441B-8A1D-AFBA2B9C4FB6}.gtest_debug|x86.Deploy.0 = gtest_debug|Win32
		{08087AFB-78AB-441B-8A1D-AFBA2B9C4FB6}.Profile|ARM.ActiveCfg = Release|x64
		{08087AFB-78AB-441B-8A1D-AFBA2B9C4FB6}.Profile|ARM.Build.0 = Release|x64
		{08087AFB-78AB-441B-8A1D-AFBA2B9C4FB6}.Profile|ARM.Deploy.0 = Release|x64
		{08087AFB-78AB-441B-8A1D-AFBA2B9C4FB6}.Profile|Mixed Platforms.ActiveCfg = gtest_debug|Win32
		{08087AFB-78AB-441B-8A1D-AFBA2B9C4FB6}.Profile|Mixed Platforms.Build.0 = gtest_debug|Win32
		{08087AFB-78AB-441B-8A1D-AFBA2B9C4FB6}.Profile|Mixed Platforms.Deploy.0 = gtest_debug|Win32
		{08087AFB-78AB-441B-8A1D-AFBA2B9C4FB6}.Profile|Win32.ActiveCfg = gtest_debug|Win32
		{08087AFB-78AB-441B-8A1D-AFBA2B9C4FB6}.Profile|Win32.Build.0 = gtest_debug|Win32
		{08087AFB-78AB-441B-8A1D-AFBA2B9C4FB6}.Profile|Win32.Deploy.0 = gtest_debug|Win32
		{08087AFB-78AB-441B-8A1D-AFBA2B9C4FB6}.Profile|x64.ActiveCfg = Debug|x64
		{08087AFB-78AB-441B-8A1D-AFBA2B9C4FB6}.Profile|x64.Build.0 = Debug|x64
		{08087AFB-78AB-441B-8A1D-AFBA2B9C4FB6}.Profile|x64.Deploy.0 = gtest_debug|x64
		{08087AFB-78AB-441B-8A1D-AFBA2B9C4FB6}.Profile|x86.ActiveCfg = gtest_debug|Win32
		{08087AFB-78AB-441B-8A1D-AFBA2B9C4FB6}.Profile|x86.Build.0 = gtest_debug|Win32
		{08087AFB-78AB-441B-8A1D-AFBA2B9C4FB6}.Profile|x86.Deploy.0 = gtest_debug|Win32
		{08087AFB-78AB-441B-8A1D-AFBA2B9C4FB6}.Release|ARM.ActiveCfg = Release|Win32
		{08087AFB-78AB-441B-8A1D-AFBA2B9C4FB6}.Release|Mixed Platforms.ActiveCfg = Release|Win32
		{08087AFB-78AB-441B-8A1D-AFBA2B9C4FB6}.Release|Mixed Platforms.Build.0 = Release|Win32
		{08087AFB-78AB-441B-8A1D-AFBA2B9C4FB6}.Release|Win32.ActiveCfg = Release|Win32
		{08087AFB-78AB-441B-8A1D-AFBA2B9C4FB6}.Release|Win32.Build.0 = Release|Win32
		{08087AFB-78AB-441B-8A1D-AFBA2B9C4FB6}.Release|x64.ActiveCfg = Release|x64
		{08087AFB-78AB-441B-8A1D-AFBA2B9C4FB6}.Release|x64.Build.0 = Release|x64
		{08087AFB-78AB-441B-8A1D-AFBA2B9C4FB6}.Release|x86.ActiveCfg = Release|Win32
		{08087AFB-78AB-441B-8A1D-AFBA2B9C4FB6}.Release|x86.Build.0 = Release|Win32
		{DF460EAB-570D-4B50-9089-2E2FC801BF38}.Debug|ARM.ActiveCfg = Debug|Win32
		{DF460EAB-570D-4B50-9089-2E2FC801BF38}.Debug|Mixed Platforms.ActiveCfg = Debug|Win32
		{DF460EAB-570D-4B50-9089-2E2FC801BF38}.Debug|Mixed Platforms.Build.0 = Debug|Win32
		{DF460EAB-570D-4B50-9089-2E2FC801BF38}.Debug|Win32.ActiveCfg = Debug|Win32
		{DF460EAB-570D-4B50-9089-2E2FC801BF38}.Debug|Win32.Build.0 = Debug|Win32
		{DF460EAB-570D-4B50-9089-2E2FC801BF38}.Debug|x64.ActiveCfg = Debug|x64
		{DF460EAB-570D-4B50-9089-2E2FC801BF38}.Debug|x64.Build.0 = Debug|x64
		{DF460EAB-570D-4B50-9089-2E2FC801BF38}.Debug|x86.ActiveCfg = Debug|Win32
		{DF460EAB-570D-4B50-9089-2E2FC801BF38}.Debug|x86.Build.0 = Debug|Win32
		{DF460EAB-570D-4B50-9089-2E2FC801BF38}.DebugTest|ARM.ActiveCfg = Profile|x64
		{DF460EAB-570D-4B50-9089-2E2FC801BF38}.DebugTest|ARM.Build.0 = Profile|x64
		{DF460EAB-570D-4B50-9089-2E2FC801BF38}.DebugTest|Mixed Platforms.ActiveCfg = Debug|Win32
		{DF460EAB-570D-4B50-9089-2E2FC801BF38}.DebugTest|Mixed Platforms.Build.0 = Debug|Win32
		{DF460EAB-570D-4B50-9089-2E2FC801BF38}.DebugTest|Win32.ActiveCfg = Debug|Win32
		{DF460EAB-570D-4B50-9089-2E2FC801BF38}.DebugTest|Win32.Build.0 = Debug|Win32
		{DF460EAB-570D-4B50-9089-2E2FC801BF38}.DebugTest|x64.ActiveCfg = Debug|x64
		{DF460EAB-570D-4B50-9089-2E2FC801BF38}.DebugTest|x64.Build.0 = Debug|x64
		{DF460EAB-570D-4B50-9089-2E2FC801BF38}.DebugTest|x86.ActiveCfg = Profile|Win32
		{DF460EAB-570D-4B50-9089-2E2FC801BF38}.DebugTest|x86.Build.0 = Profile|Win32
		{DF460EAB-570D-4B50-9089-2E2FC801BF38}.gtest_debug|ARM.ActiveCfg = Profile|x64
		{DF460EAB-570D-4B50-9089-2E2FC801BF38}.gtest_debug|ARM.Build.0 = Profile|x64
		{DF460EAB-570D-4B50-9089-2E2FC801BF38}.gtest_debug|Mixed Platforms.ActiveCfg = Release|Win32
		{DF460EAB-570D-4B50-9089-2E2FC801BF38}.gtest_debug|Mixed Platforms.Build.0 = Release|Win32
		{DF460EAB-570D-4B50-9089-2E2FC801BF38}.gtest_debug|Mixed Platforms.Deploy.0 = Release|Win32
		{DF460EAB-570D-4B50-9089-2E2FC801BF38}.gtest_debug|Win32.ActiveCfg = Release|Win32
		{DF460EAB-570D-4B50-9089-2E2FC801BF38}.gtest_debug|Win32.Build.0 = Release|Win32
		{DF460EAB-570D-4B50-9089-2E2FC801BF38}.gtest_debug|Win32.Deploy.0 = Release|Win32
		{DF460EAB-570D-4B50-9089-2E2FC801BF38}.gtest_debug|x64.ActiveCfg = Debug|x64
		{DF460EAB-570D-4B50-9089-2E2FC801BF38}.gtest_debug|x64.Build.0 = Debug|x64
		{DF460EAB-570D-4B50-9089-2E2FC801BF38}.gtest_debug|x64.Deploy.0 = Release|x64
		{DF460EAB-570D-4B50-9089-2E2FC801BF38}.gtest_debug|x86.ActiveCfg = Profile|Win32
		{DF460EAB-570D-4B50-9089-2E2FC801BF38}.gtest_debug|x86.Build.0 = Profile|Win32
		{DF460EAB-570D-4B50-9089-2E2FC801BF38}.gtest_debug|x86.Deploy.0 = Release|Win32
		{DF460EAB-570D-4B50-9089-2E2FC801BF38}.Profile|ARM.ActiveCfg = Profile|Win32
		{DF460EAB-570D-4B50-9089-2E2FC801BF38}.Profile|Mixed Platforms.ActiveCfg = Profile|Win32
		{DF460EAB-570D-4B50-9089-2E2FC801BF38}.Profile|Mixed Platforms.Build.0 = Profile|Win32
		{DF460EAB-570D-4B50-9089-2E2FC801BF38}.Profile|Win32.ActiveCfg = Profile|Win32
		{DF460EAB-570D-4B50-9089-2E2FC801BF38}.Profile|Win32.Build.0 = Profile|Win32
		{DF460EAB-570D-4B50-9089-2E2FC801BF38}.Profile|x64.ActiveCfg = Debug|x64
		{DF460EAB-570D-4B50-9089-2E2FC801BF38}.Profile|x64.Build.0 = Debug|x64
		{DF460EAB-570D-4B50-9089-2E2FC801BF38}.Profile|x86.ActiveCfg = Profile|Win32
		{DF460EAB-570D-4B50-9089-2E2FC801BF38}.Profile|x86.Build.0 = Profile|Win32
		{DF460EAB-570D-4B50-9089-2E2FC801BF38}.Release|ARM.ActiveCfg = Release|Win32
		{DF460EAB-570D-4B50-9089-2E2FC801BF38}.Release|Mixed Platforms.ActiveCfg = Release|Win32
		{DF460EAB-570D-4B50-9089-2E2FC801BF38}.Release|Mixed Platforms.Build.0 = Release|Win32
		{DF460EAB-570D-4B50-9089-2E2FC801BF38}.Release|Win32.ActiveCfg = Release|Win32
		{DF460EAB-570D-4B50-9089-2E2FC801BF38}.Release|Win32.Build.0 = Release|Win32
		{DF460EAB-570D-4B50-9089-2E2FC801BF38}.Release|x64.ActiveCfg = Release|x64
		{DF460EAB-570D-4B50-9089-2E2FC801BF38}.Release|x64.Build.0 = Release|x64
		{DF460EAB-570D-4B50-9089-2E2FC801BF38}.Release|x86.ActiveCfg = Release|Win32
		{DF460EAB-570D-4B50-9089-2E2FC801BF38}.Release|x86.Build.0 = Release|Win32
		{E0B52AE7-E160-4D32-BF3F-910B785E5A8E}.Debug|ARM.ActiveCfg = Debug|Win32
		{E0B52AE7-E160-4D32-BF3F-910B785E5A8E}.Debug|Mixed Platforms.ActiveCfg = Debug|Win32
		{E0B52AE7-E160-4D32-BF3F-910B785E5A8E}.Debug|Mixed Platforms.Build.0 = Debug|Win32
		{E0B52AE7-E160-4D32-BF3F-910B785E5A8E}.Debug|Win32.ActiveCfg = Debug|Win32
		{E0B52AE7-E160-4D32-BF3F-910B785E5A8E}.Debug|Win32.Build.0 = Debug|Win32
		{E0B52AE7-E160-4D32-BF3F-910B785E5A8E}.Debug|x64.ActiveCfg = Debug|x64
		{E0B52AE7-E160-4D32-BF3F-910B785E5A8E}.Debug|x64.Build.0 = Debug|x64
		{E0B52AE7-E160-4D32-BF3F-910B785E5A8E}.Debug|x86.ActiveCfg = Debug|Win32
		{E0B52AE7-E160-4D32-BF3F-910B785E5A8E}.Debug|x86.Build.0 = Debug|Win32
		{E0B52AE7-E160-4D32-BF3F-910B785E5A8E}.DebugTest|ARM.ActiveCfg = Release|x64
		{E0B52AE7-E160-4D32-BF3F-910B785E5A8E}.DebugTest|ARM.Build.0 = Release|x64
		{E0B52AE7-E160-4D32-BF3F-910B785E5A8E}.DebugTest|Mixed Platforms.ActiveCfg = Debug|Win32
		{E0B52AE7-E160-4D32-BF3F-910B785E5A8E}.DebugTest|Mixed Platforms.Build.0 = Debug|Win32
		{E0B52AE7-E160-4D32-BF3F-910B785E5A8E}.DebugTest|Win32.ActiveCfg = Debug|Win32
		{E0B52AE7-E160-4D32-BF3F-910B785E5A8E}.DebugTest|Win32.Build.0 = Debug|Win32
		{E0B52AE7-E160-4D32-BF3F-910B785E5A8E}.DebugTest|x64.ActiveCfg = Debug|x64
		{E0B52AE7-E160-4D32-BF3F-910B785E5A8E}.DebugTest|x64.Build.0 = Debug|x64
		{E0B52AE7-E160-4D32-BF3F-910B785E5A8E}.DebugTest|x86.ActiveCfg = Release|Win32
		{E0B52AE7-E160-4D32-BF3F-910B785E5A8E}.DebugTest|x86.Build.0 = Release|Win32
		{E0B52AE7-E160-4D32-BF3F-910B785E5A8E}.gtest_debug|ARM.ActiveCfg = Release|x64
		{E0B52AE7-E160-4D32-BF3F-910B785E5A8E}.gtest_debug|ARM.Build.0 = Release|x64
		{E0B52AE7-E160-4D32-BF3F-910B785E5A8E}.gtest_debug|Mixed Platforms.ActiveCfg = Release|Win32
		{E0B52AE7-E160-4D32-BF3F-910B785E5A8E}.gtest_debug|Mixed Platforms.Build.0 = Release|Win32
		{E0B52AE7-E160-4D32-BF3F-910B785E5A8E}.gtest_debug|Mixed Platforms.Deploy.0 = Release|Win32
		{E0B52AE7-E160-4D32-BF3F-910B785E5A8E}.gtest_debug|Win32.ActiveCfg = Release|Win32
		{E0B52AE7-E160-4D32-BF3F-910B785E5A8E}.gtest_debug|Win32.Build.0 = Release|Win32
		{E0B52AE7-E160-4D32-BF3F-910B785E5A8E}.gtest_debug|Win32.Deploy.0 = Release|Win32
		{E0B52AE7-E160-4D32-BF3F-910B785E5A8E}.gtest_debug|x64.ActiveCfg = Debug|x64
		{E0B52AE7-E160-4D32-BF3F-910B785E5A8E}.gtest_debug|x64.Build.0 = Debug|x64
		{E0B52AE7-E160-4D32-BF3F-910B785E5A8E}.gtest_debug|x64.Deploy.0 = Release|x64
		{E0B52AE7-E160-4D32-BF3F-910B785E5A8E}.gtest_debug|x86.ActiveCfg = Release|Win32
		{E0B52AE7-E160-4D32-BF3F-910B785E5A8E}.gtest_debug|x86.Build.0 = Release|Win32
		{E0B52AE7-E160-4D32-BF3F-910B785E5A8E}.gtest_debug|x86.Deploy.0 = Release|Win32
		{E0B52AE7-E160-4D32-BF3F-910B785E5A8E}.Profile|ARM.ActiveCfg = Release|x64
		{E0B52AE7-E160-4D32-BF3F-910B785E5A8E}.Profile|ARM.Build.0 = Release|x64
		{E0B52AE7-E160-4D32-BF3F-910B785E5A8E}.Profile|Mixed Platforms.ActiveCfg = Release|Win32
		{E0B52AE7-E160-4D32-BF3F-910B785E5A8E}.Profile|Mixed Platforms.Build.0 = Release|Win32
		{E0B52AE7-E160-4D32-BF3F-910B785E5A8E}.Profile|Win32.ActiveCfg = Release|Win32
		{E0B52AE7-E160-4D32-BF3F-910B785E5A8E}.Profile|Win32.Build.0 = Release|Win32
		{E0B52AE7-E160-4D32-BF3F-910B785E5A8E}.Profile|x64.ActiveCfg = Debug|x64
		{E0B52AE7-E160-4D32-BF3F-910B785E5A8E}.Profile|x64.Build.0 = Debug|x64
		{E0B52AE7-E160-4D32-BF3F-910B785E5A8E}.Profile|x86.ActiveCfg = Release|Win32
		{E0B52AE7-E160-4D32-BF3F-910B785E5A8E}.Profile|x86.Build.0 = Release|Win32
		{E0B52AE7-E160-4D32-BF3F-910B785E5A8E}.Release|ARM.ActiveCfg = Release|Win32
		{E0B52AE7-E160-4D32-BF3F-910B785E5A8E}.Release|Mixed Platforms.ActiveCfg = Release|Win32
		{E0B52AE7-E160-4D32-BF3F-910B785E5A8E}.Release|Mixed Platforms.Build.0 = Release|Win32
		{E0B52AE7-E160-4D32-BF3F-910B785E5A8E}.Release|Win32.ActiveCfg = Release|Win32
		{E0B52AE7-E160-4D32-BF3F-910B785E5A8E}.Release|Win32.Build.0 = Release|Win32
		{E0B52AE7-E160-4D32-BF3F-910B785E5A8E}.Release|x64.ActiveCfg = Release|x64
		{E0B52AE7-E160-4D32-BF3F-910B785E5A8E}.Release|x64.Build.0 = Release|x64
		{E0B52AE7-E160-4D32-BF3F-910B785E5A8E}.Release|x86.ActiveCfg = Release|Win32
		{E0B52AE7-E160-4D32-BF3F-910B785E5A8E}.Release|x86.Build.0 = Release|Win32
		{22DED705-1D54-4F76-A3D6-8AC3C52D1153}.Debug|ARM.ActiveCfg = Debug|Win32
		{22DED705-1D54-4F76-A3D6-8AC3C52D1153}.Debug|Mixed Platforms.ActiveCfg = Debug|Win32
		{22DED705-1D54-4F76-A3D6-8AC3C52D1153}.Debug|Mixed Platforms.Build.0 = Debug|Win32
		{22DED705-1D54-4F76-A3D6-8AC3C52D1153}.Debug|Win32.ActiveCfg = Debug|Win32
		{22DED705-1D54-4F76-A3D6-8AC3C52D1153}.Debug|Win32.Build.0 = Debug|Win32
		{22DED705-1D54-4F76-A3D6-8AC3C52D1153}.Debug|x64.ActiveCfg = Debug|x64
		{22DED705-1D54-4F76-A3D6-8AC3C52D1153}.Debug|x64.Build.0 = Debug|x64
		{22DED705-1D54-4F76-A3D6-8AC3C52D1153}.Debug|x86.ActiveCfg = Debug|Win32
		{22DED705-1D54-4F76-A3D6-8AC3C52D1153}.Debug|x86.Build.0 = Debug|Win32
		{22DED705-1D54-4F76-A3D6-8AC3C52D1153}.DebugTest|ARM.ActiveCfg = Release|x64
		{22DED705-1D54-4F76-A3D6-8AC3C52D1153}.DebugTest|ARM.Build.0 = Release|x64
		{22DED705-1D54-4F76-A3D6-8AC3C52D1153}.DebugTest|Mixed Platforms.ActiveCfg = Debug|Win32
		{22DED705-1D54-4F76-A3D6-8AC3C52D1153}.DebugTest|Mixed Platforms.Build.0 = Debug|Win32
		{22DED705-1D54-4F76-A3D6-8AC3C52D1153}.DebugTest|Win32.ActiveCfg = Debug|Win32
		{22DED705-1D54-4F76-A3D6-8AC3C52D1153}.DebugTest|Win32.Build.0 = Debug|Win32
		{22DED705-1D54-4F76-A3D6-8AC3C52D1153}.DebugTest|x64.ActiveCfg = Debug|x64
		{22DED705-1D54-4F76-A3D6-8AC3C52D1153}.DebugTest|x64.Build.0 = Debug|x64
		{22DED705-1D54-4F76-A3D6-8AC3C52D1153}.DebugTest|x86.ActiveCfg = Debug|Win32
		{22DED705-1D54-4F76-A3D6-8AC3C52D1153}.DebugTest|x86.Build.0 = Debug|Win32
		{22DED705-1D54-4F76-A3D6-8AC3C52D1153}.gtest_debug|ARM.ActiveCfg = Release|x64
		{22DED705-1D54-4F76-A3D6-8AC3C52D1153}.gtest_debug|ARM.Build.0 = Release|x64
		{22DED705-1D54-4F76-A3D6-8AC3C52D1153}.gtest_debug|Mixed Platforms.ActiveCfg = Release|Win32
		{22DED705-1D54-4F76-A3D6-8AC3C52D1153}.gtest_debug|Mixed Platforms.Build.0 = Release|Win32
		{22DED705-1D54-4F76-A3D6-8AC3C52D1153}.gtest_debug|Win32.ActiveCfg = Release|Win32
		{22DED705-1D54-4F76-A3D6-8AC3C52D1153}.gtest_debug|Win32.Build.0 = Release|Win32
		{22DED705-1D54-4F76-A3D6-8AC3C52D1153}.gtest_debug|x64.ActiveCfg = Debug|x64
		{22DED705-1D54-4F76-A3D6-8AC3C52D1153}.gtest_debug|x64.Build.0 = Debug|x64
		{22DED705-1D54-4F76-A3D6-8AC3C52D1153}.gtest_debug|x86.ActiveCfg = Debug|Win32
		{22DED705-1D54-4F76-A3D6-8AC3C52D1153}.gtest_debug|x86.Build.0 = Debug|Win32
		{22DED705-1D54-4F76-A3D6-8AC3C52D1153}.Profile|ARM.ActiveCfg = Release|x64
		{22DED705-1D54-4F76-A3D6-8AC3C52D1153}.Profile|ARM.Build.0 = Release|x64
		{22DED705-1D54-4F76-A3D6-8AC3C52D1153}.Profile|Mixed Platforms.ActiveCfg = Release|Win32
		{22DED705-1D54-4F76-A3D6-8AC3C52D1153}.Profile|Mixed Platforms.Build.0 = Release|Win32
		{22DED705-1D54-4F76-A3D6-8AC3C52D1153}.Profile|Win32.ActiveCfg = Release|Win32
		{22DED705-1D54-4F76-A3D6-8AC3C52D1153}.Profile|Win32.Build.0 = Release|Win32
		{22DED705-1D54-4F76-A3D6-8AC3C52D1153}.Profile|x64.ActiveCfg = Debug|x64
		{22DED705-1D54-4F76-A3D6-8AC3C52D1153}.Profile|x64.Build.0 = Debug|x64
		{22DED705-1D54-4F76-A3D6-8AC3C52D1153}.Profile|x86.ActiveCfg = Debug|Win32
		{22DED705-1D54-4F76-A3D6-8AC3C52D1153}.Profile|x86.Build.0 = Debug|Win32
		{22DED705-1D54-4F76-A3D6-8AC3C52D1153}.Release|ARM.ActiveCfg = Release|Win32
		{22DED705-1D54-4F76-A3D6-8AC3C52D1153}.Release|Mixed Platforms.ActiveCfg = Release|Win32
		{22DED705-1D54-4F76-A3D6-8AC3C52D1153}.Release|Mixed Platforms.Build.0 = Release|Win32
		{22DED705-1D54-4F76-A3D6-8AC3C52D1153}.Release|Win32.ActiveCfg = Release|Win32
		{22DED705-1D54-4F76-A3D6-8AC3C52D1153}.Release|Win32.Build.0 = Release|Win32
		{22DED705-1D54-4F76-A3D6-8AC3C52D1153}.Release|x64.ActiveCfg = Release|x64
		{22DED705-1D54-4F76-A3D6-8AC3C52D1153}.Release|x64.Build.0 = Release|x64
		{22DED705-1D54-4F76-A3D6-8AC3C52D1153}.Release|x86.ActiveCfg = Release|Win32
		{22DED705-1D54-4F76-A3D6-8AC3C52D1153}.Release|x86.Build.0 = Release|Win32
		{EBF1C87F-5B66-4CC9-9FF3-1F6573F427E0}.Debug|ARM.ActiveCfg = Debug|Win32
		{EBF1C87F-5B66-4CC9-9FF3-1F6573F427E0}.Debug|Mixed Platforms.ActiveCfg = Debug|Win32
		{EBF1C87F-5B66-4CC9-9FF3-1F6573F427E0}.Debug|Mixed Platforms.Build.0 = Debug|Win32
		{EBF1C87F-5B66-4CC9-9FF3-1F6573F427E0}.Debug|Win32.ActiveCfg = Debug|Win32
		{EBF1C87F-5B66-4CC9-9FF3-1F6573F427E0}.Debug|Win32.Build.0 = Debug|Win32
		{EBF1C87F-5B66-4CC9-9FF3-1F6573F427E0}.Debug|x64.ActiveCfg = Debug|x64
		{EBF1C87F-5B66-4CC9-9FF3-1F6573F427E0}.Debug|x64.Build.0 = Debug|x64
		{EBF1C87F-5B66-4CC9-9FF3-1F6573F427E0}.Debug|x86.ActiveCfg = Debug|Win32
		{EBF1C87F-5B66-4CC9-9FF3-1F6573F427E0}.Debug|x86.Build.0 = Debug|Win32
		{EBF1C87F-5B66-4CC9-9FF3-1F6573F427E0}.DebugTest|ARM.ActiveCfg = Release|x64
		{EBF1C87F-5B66-4CC9-9FF3-1F6573F427E0}.DebugTest|Mixed Platforms.ActiveCfg = Debug|Win32
		{EBF1C87F-5B66-4CC9-9FF3-1F6573F427E0}.DebugTest|Mixed Platforms.Build.0 = Debug|Win32
		{EBF1C87F-5B66-4CC9-9FF3-1F6573F427E0}.DebugTest|Win32.ActiveCfg = Debug|Win32
		{EBF1C87F-5B66-4CC9-9FF3-1F6573F427E0}.DebugTest|Win32.Build.0 = Debug|Win32
		{EBF1C87F-5B66-4CC9-9FF3-1F6573F427E0}.DebugTest|x64.ActiveCfg = Debug|x64
		{EBF1C87F-5B66-4CC9-9FF3-1F6573F427E0}.DebugTest|x64.Build.0 = Debug|x64
		{EBF1C87F-5B66-4CC9-9FF3-1F6573F427E0}.DebugTest|x86.ActiveCfg = Debug|Win32
		{EBF1C87F-5B66-4CC9-9FF3-1F6573F427E0}.DebugTest|x86.Build.0 = Debug|Win32
		{EBF1C87F-5B66-4CC9-9FF3-1F6573F427E0}.gtest_debug|ARM.ActiveCfg = Release|x64
		{EBF1C87F-5B66-4CC9-9FF3-1F6573F427E0}.gtest_debug|Mixed Platforms.ActiveCfg = Release|Win32
		{EBF1C87F-5B66-4CC9-9FF3-1F6573F427E0}.gtest_debug|Mixed Platforms.Build.0 = Release|Win32
		{EBF1C87F-5B66-4CC9-9FF3-1F6573F427E0}.gtest_debug|Win32.ActiveCfg = Release|Win32
		{EBF1C87F-5B66-4CC9-9FF3-1F6573F427E0}.gtest_debug|Win32.Build.0 = Release|Win32
		{EBF1C87F-5B66-4CC9-9FF3-1F6573F427E0}.gtest_debug|x64.ActiveCfg = Release|x64
		{EBF1C87F-5B66-4CC9-9FF3-1F6573F427E0}.gtest_debug|x64.Build.0 = Release|x64
		{EBF1C87F-5B66-4CC9-9FF3-1F6573F427E0}.gtest_debug|x86.ActiveCfg = Release|Win32
		{EBF1C87F-5B66-4CC9-9FF3-1F6573F427E0}.gtest_debug|x86.Build.0 = Release|Win32
		{EBF1C87F-5B66-4CC9-9FF3-1F6573F427E0}.Profile|ARM.ActiveCfg = Release|x64
		{EBF1C87F-5B66-4CC9-9FF3-1F6573F427E0}.Profile|Mixed Platforms.ActiveCfg = Release|Win32
		{EBF1C87F-5B66-4CC9-9FF3-1F6573F427E0}.Profile|Mixed Platforms.Build.0 = Release|Win32
		{EBF1C87F-5B66-4CC9-9FF3-1F6573F427E0}.Profile|Win32.ActiveCfg = Release|Win32
		{EBF1C87F-5B66-4CC9-9FF3-1F6573F427E0}.Profile|Win32.Build.0 = Release|Win32
		{EBF1C87F-5B66-4CC9-9FF3-1F6573F427E0}.Profile|x64.ActiveCfg = Release|x64
		{EBF1C87F-5B66-4CC9-9FF3-1F6573F427E0}.Profile|x64.Build.0 = Release|x64
		{EBF1C87F-5B66-4CC9-9FF3-1F6573F427E0}.Profile|x86.ActiveCfg = Release|Win32
		{EBF1C87F-5B66-4CC9-9FF3-1F6573F427E0}.Profile|x86.Build.0 = Release|Win32
		{EBF1C87F-5B66-4CC9-9FF3-1F6573F427E0}.Release|ARM.ActiveCfg = Release|Win32
		{EBF1C87F-5B66-4CC9-9FF3-1F6573F427E0}.Release|Mixed Platforms.ActiveCfg = Release|Win32
		{EBF1C87F-5B66-4CC9-9FF3-1F6573F427E0}.Release|Mixed Platforms.Build.0 = Release|Win32
		{EBF1C87F-5B66-4CC9-9FF3-1F6573F427E0}.Release|Win32.ActiveCfg = Release|Win32
		{EBF1C87F-5B66-4CC9-9FF3-1F6573F427E0}.Release|Win32.Build.0 = Release|Win32
		{EBF1C87F-5B66-4CC9-9FF3-1F6573F427E0}.Release|x64.ActiveCfg = Release|x64
		{EBF1C87F-5B66-4CC9-9FF3-1F6573F427E0}.Release|x64.Build.0 = Release|x64
		{EBF1C87F-5B66-4CC9-9FF3-1F6573F427E0}.Release|x86.ActiveCfg = Release|Win32
		{EBF1C87F-5B66-4CC9-9FF3-1F6573F427E0}.Release|x86.Build.0 = Release|Win32
	EndGlobalSection
	GlobalSection(SolutionProperties) = preSolution
		HideSolutionNode = FALSE
	EndGlobalSection
	GlobalSection(NestedProjects) = preSolution
		{0F507CA4-0F6B-4EDF-966E-BDCE07F791A1} = {FEB63DFE-F95B-49D0-8265-5C93FEFD254F}
		{F6AFC256-40CD-40C9-A7A4-214BC29686CD} = {FEB63DFE-F95B-49D0-8265-5C93FEFD254F}
		{D1C528B6-AA02-4D29-9D61-DC08E317A70D} = {9621ADE4-8321-4ADC-8CBE-4E09C220DD06}
		{08087AFB-78AB-441B-8A1D-AFBA2B9C4FB6} = {FEB63DFE-F95B-49D0-8265-5C93FEFD254F}
		{DF460EAB-570D-4B50-9089-2E2FC801BF38} = {9621ADE4-8321-4ADC-8CBE-4E09C220DD06}
		{E0B52AE7-E160-4D32-BF3F-910B785E5A8E} = {9621ADE4-8321-4ADC-8CBE-4E09C220DD06}
	EndGlobalSection
	GlobalSection(ExtensibilityGlobals) = postSolution
		Qt5Version = msvc2017_64
		SolutionGuid = {6D82E264-04DE-4E76-8C29-DDBC73CB417E}
	EndGlobalSection
EndGlobal
